// !$*UTF8*$!
{
	archiveVersion = 1;
	classes = {
	};
	objectVersion = 46;
	objects = {

/* Begin PBXAggregateTarget section */
		25D9C8E045A4404EA5E3BF0D /* ZERO_CHECK */ = {
			isa = PBXAggregateTarget;
			buildConfigurationList = 9AEECC16551A4239811ECC24 /* Build configuration list for PBXAggregateTarget "ZERO_CHECK" */;
			buildPhases = (
				F3FDA13C3076436A966921CF /* CMake Rules */,
			);
			dependencies = (
			);
			name = ZERO_CHECK;
			productName = ZERO_CHECK;
		};
		D15DEEB73EB94C9BBFBBB966 /* ALL_BUILD */ = {
			isa = PBXAggregateTarget;
			buildConfigurationList = 80E6D47D38CB40C19FFE5DF6 /* Build configuration list for PBXAggregateTarget "ALL_BUILD" */;
			buildPhases = (
				C1A6819CF0BD44CC80704A02 /* CMake Rules */,
			);
			dependencies = (
				03FC137089BA4BF58907B448 /* PBXTargetDependency */,
				9A46F4A3622E49019245D2F1 /* PBXTargetDependency */,
			);
			name = ALL_BUILD;
			productName = ALL_BUILD;
		};
/* End PBXAggregateTarget section */

/* Begin PBXBuildFile section */
		09664A9A9923473E9BA7F5E1 /* /Users/rebekahdoochin/senior_year/graphics/module-intro-getting-started-rdoochin/module-algorithms-geam-traphics/Asteroids!/glfw-3.2/src/cocoa_time.c */ = {isa = PBXBuildFile; fileRef = 544DB129D1B9488BB7DB5228 /* /Users/rebekahdoochin/senior_year/graphics/module-intro-getting-started-rdoochin/module-algorithms-geam-traphics/Asteroids!/glfw-3.2/src/cocoa_time.c */; };
		284A3EC235184633AF336387 /* /Users/rebekahdoochin/senior_year/graphics/module-intro-getting-started-rdoochin/module-algorithms-geam-traphics/Asteroids!/glfw-3.2/include/GLFW/glfw3.h */ = {isa = PBXBuildFile; fileRef = 1247C2AD5D524641B705B393 /* /Users/rebekahdoochin/senior_year/graphics/module-intro-getting-started-rdoochin/module-algorithms-geam-traphics/Asteroids!/glfw-3.2/include/GLFW/glfw3.h */; };
		2BAB20660BAD422892B2998D /* /Users/rebekahdoochin/senior_year/graphics/module-intro-getting-started-rdoochin/module-algorithms-geam-traphics/Asteroids!/glfw-3.2/src/monitor.c */ = {isa = PBXBuildFile; fileRef = 9B47EA3149794D6EB066D538 /* /Users/rebekahdoochin/senior_year/graphics/module-intro-getting-started-rdoochin/module-algorithms-geam-traphics/Asteroids!/glfw-3.2/src/monitor.c */; };
		2F153815421C4E0F92EBA36C /* /Users/rebekahdoochin/senior_year/graphics/module-intro-getting-started-rdoochin/module-algorithms-geam-traphics/Asteroids!/glfw-3.2/src/cocoa_monitor.m */ = {isa = PBXBuildFile; fileRef = 22DCE6D894D64179AB21A255 /* /Users/rebekahdoochin/senior_year/graphics/module-intro-getting-started-rdoochin/module-algorithms-geam-traphics/Asteroids!/glfw-3.2/src/cocoa_monitor.m */; };
		31DCDC8CD40C457E99E82674 /* /Users/rebekahdoochin/senior_year/graphics/module-intro-getting-started-rdoochin/module-algorithms-geam-traphics/Asteroids!/glfw-3.2/src/cocoa_window.m */ = {isa = PBXBuildFile; fileRef = 89AC08341912448AAC07992F /* /Users/rebekahdoochin/senior_year/graphics/module-intro-getting-started-rdoochin/module-algorithms-geam-traphics/Asteroids!/glfw-3.2/src/cocoa_window.m */; };
		36ED17B95960407BB9560FA9 /* /Users/rebekahdoochin/senior_year/graphics/module-intro-getting-started-rdoochin/module-algorithms-geam-traphics/Asteroids!/glfw-3.2/src/cocoa_joystick.m */ = {isa = PBXBuildFile; fileRef = B27035963C1646A2A668AF40 /* /Users/rebekahdoochin/senior_year/graphics/module-intro-getting-started-rdoochin/module-algorithms-geam-traphics/Asteroids!/glfw-3.2/src/cocoa_joystick.m */; };
		38EED08081E941C0A5AD4314 /* /Users/rebekahdoochin/senior_year/graphics/module-intro-getting-started-rdoochin/module-algorithms-geam-traphics/new_build/glfw-3.2/src/glfw_config.h */ = {isa = PBXBuildFile; fileRef = A9F0E9F21965482D9F801976 /* /Users/rebekahdoochin/senior_year/graphics/module-intro-getting-started-rdoochin/module-algorithms-geam-traphics/new_build/glfw-3.2/src/glfw_config.h */; };
		3BDC7B57EF6C4042B4DDDE0B /* /Users/rebekahdoochin/senior_year/graphics/module-intro-getting-started-rdoochin/module-algorithms-geam-traphics/Asteroids!/glfw-3.2/src/cocoa_platform.h */ = {isa = PBXBuildFile; fileRef = 731EC46A461244FAA2152685 /* /Users/rebekahdoochin/senior_year/graphics/module-intro-getting-started-rdoochin/module-algorithms-geam-traphics/Asteroids!/glfw-3.2/src/cocoa_platform.h */; };
		4B7F5CB233E04F109477094F /* /Users/rebekahdoochin/senior_year/graphics/module-intro-getting-started-rdoochin/module-algorithms-geam-traphics/Asteroids!/glfw-3.2/include/GLFW/glfw3native.h */ = {isa = PBXBuildFile; fileRef = 42F360A87ABD4CE08E3A3916 /* /Users/rebekahdoochin/senior_year/graphics/module-intro-getting-started-rdoochin/module-algorithms-geam-traphics/Asteroids!/glfw-3.2/include/GLFW/glfw3native.h */; };
		7E08A55D13DB432BB9DE5E0A /* /Users/rebekahdoochin/senior_year/graphics/module-intro-getting-started-rdoochin/module-algorithms-geam-traphics/Asteroids!/glfw-3.2/src/vulkan.c */ = {isa = PBXBuildFile; fileRef = 5D18AF9A59E84247985D447A /* /Users/rebekahdoochin/senior_year/graphics/module-intro-getting-started-rdoochin/module-algorithms-geam-traphics/Asteroids!/glfw-3.2/src/vulkan.c */; };
		827725EAA1CA4D49A3FB2AE3 /* /Users/rebekahdoochin/senior_year/graphics/module-intro-getting-started-rdoochin/module-algorithms-geam-traphics/Asteroids!/glfw-3.2/src/context.c */ = {isa = PBXBuildFile; fileRef = B58105E0E8324533A864FA0A /* /Users/rebekahdoochin/senior_year/graphics/module-intro-getting-started-rdoochin/module-algorithms-geam-traphics/Asteroids!/glfw-3.2/src/context.c */; };
		92419BD37894415FB3AD507B /* /Users/rebekahdoochin/senior_year/graphics/module-intro-getting-started-rdoochin/module-algorithms-geam-traphics/Asteroids!/glfw-3.2/src/internal.h */ = {isa = PBXBuildFile; fileRef = 176D692D16914E65A3AA79E6 /* /Users/rebekahdoochin/senior_year/graphics/module-intro-getting-started-rdoochin/module-algorithms-geam-traphics/Asteroids!/glfw-3.2/src/internal.h */; };
		94A9FDCEF7834816A60ABE55 /* /Users/rebekahdoochin/senior_year/graphics/module-intro-getting-started-rdoochin/module-algorithms-geam-traphics/Asteroids!/glfw-3.2/src/nsgl_context.h */ = {isa = PBXBuildFile; fileRef = B229F0BDAF2941D09B9E5A0B /* /Users/rebekahdoochin/senior_year/graphics/module-intro-getting-started-rdoochin/module-algorithms-geam-traphics/Asteroids!/glfw-3.2/src/nsgl_context.h */; };
		A0AC7E9D6F9E4647ADB5D543 /* /Users/rebekahdoochin/senior_year/graphics/module-intro-getting-started-rdoochin/module-algorithms-geam-traphics/Asteroids!/glfw-3.2/src/init.c */ = {isa = PBXBuildFile; fileRef = 5636556A8065497EBAA9DA3E /* /Users/rebekahdoochin/senior_year/graphics/module-intro-getting-started-rdoochin/module-algorithms-geam-traphics/Asteroids!/glfw-3.2/src/init.c */; };
		B699B1A21AEC453D81C4D60B /* /Users/rebekahdoochin/senior_year/graphics/module-intro-getting-started-rdoochin/module-algorithms-geam-traphics/Asteroids!/glfw-3.2/src/cocoa_init.m */ = {isa = PBXBuildFile; fileRef = DEBF6B5529964E0CA2AFBE6B /* /Users/rebekahdoochin/senior_year/graphics/module-intro-getting-started-rdoochin/module-algorithms-geam-traphics/Asteroids!/glfw-3.2/src/cocoa_init.m */; };
		B85FCA1D4CB44FA58D8ACAA5 /* /Users/rebekahdoochin/senior_year/graphics/module-intro-getting-started-rdoochin/module-algorithms-geam-traphics/Asteroids!/glfw-3.2/src/posix_tls.c */ = {isa = PBXBuildFile; fileRef = 3355D0655F5E46209098647E /* /Users/rebekahdoochin/senior_year/graphics/module-intro-getting-started-rdoochin/module-algorithms-geam-traphics/Asteroids!/glfw-3.2/src/posix_tls.c */; };
		D018D8E8736D47F4A5790588 /* /Users/rebekahdoochin/senior_year/graphics/module-intro-getting-started-rdoochin/module-algorithms-geam-traphics/Asteroids!/glfw-3.2/src/posix_tls.h */ = {isa = PBXBuildFile; fileRef = 694D051A8C904798A84EA82F /* /Users/rebekahdoochin/senior_year/graphics/module-intro-getting-started-rdoochin/module-algorithms-geam-traphics/Asteroids!/glfw-3.2/src/posix_tls.h */; };
		DDFE4FB1087B42D680335223 /* /Users/rebekahdoochin/senior_year/graphics/module-intro-getting-started-rdoochin/module-algorithms-geam-traphics/Asteroids!/glfw-3.2/src/input.c */ = {isa = PBXBuildFile; fileRef = 733289DBCE2749B291A4A104 /* /Users/rebekahdoochin/senior_year/graphics/module-intro-getting-started-rdoochin/module-algorithms-geam-traphics/Asteroids!/glfw-3.2/src/input.c */; };
		E0C7008D4F374AAEBB97AD6A /* /Users/rebekahdoochin/senior_year/graphics/module-intro-getting-started-rdoochin/module-algorithms-geam-traphics/Asteroids!/glfw-3.2/src/cocoa_joystick.h */ = {isa = PBXBuildFile; fileRef = CF233B93B7DF4790B415949A /* /Users/rebekahdoochin/senior_year/graphics/module-intro-getting-started-rdoochin/module-algorithms-geam-traphics/Asteroids!/glfw-3.2/src/cocoa_joystick.h */; };
		E3FC5E84F20849BA82A6E826 /* /Users/rebekahdoochin/senior_year/graphics/module-intro-getting-started-rdoochin/module-algorithms-geam-traphics/Asteroids!/glfw-3.2/src/nsgl_context.m */ = {isa = PBXBuildFile; fileRef = FC9043D21DEC42D19BC6BFB7 /* /Users/rebekahdoochin/senior_year/graphics/module-intro-getting-started-rdoochin/module-algorithms-geam-traphics/Asteroids!/glfw-3.2/src/nsgl_context.m */; };
		EA7A146FE3334FC39C984A23 /* /Users/rebekahdoochin/senior_year/graphics/module-intro-getting-started-rdoochin/module-algorithms-geam-traphics/Asteroids!/glfw-3.2/src/window.c */ = {isa = PBXBuildFile; fileRef = 2DEA39BCE8BE4C7B852D13F8 /* /Users/rebekahdoochin/senior_year/graphics/module-intro-getting-started-rdoochin/module-algorithms-geam-traphics/Asteroids!/glfw-3.2/src/window.c */; };
		F3588D7AFCEF43D183CBEDFC /* /Users/rebekahdoochin/senior_year/graphics/module-intro-getting-started-rdoochin/module-algorithms-geam-traphics/Asteroids!/glfw-3.2/src/CMakeLists.txt */ = {isa = PBXBuildFile; fileRef = 7690F3C2C9064399B816E9C0 /* /Users/rebekahdoochin/senior_year/graphics/module-intro-getting-started-rdoochin/module-algorithms-geam-traphics/Asteroids!/glfw-3.2/src/CMakeLists.txt */; };
/* End PBXBuildFile section */

/* Begin PBXBuildStyle section */
		7363647291D84714889F41A7 /* Release */ = {
			isa = PBXBuildStyle;
			buildSettings = {
				COPY_PHASE_STRIP = NO;
			};
			name = Release;
		};
		933C9EEDFF8843D6939D1899 /* RelWithDebInfo */ = {
			isa = PBXBuildStyle;
			buildSettings = {
				COPY_PHASE_STRIP = NO;
			};
			name = RelWithDebInfo;
		};
		B353A5E093214B7DAC88E5D5 /* MinSizeRel */ = {
			isa = PBXBuildStyle;
			buildSettings = {
				COPY_PHASE_STRIP = NO;
			};
			name = MinSizeRel;
		};
		F8E20D21F82B48A78BE02D8A /* Debug */ = {
			isa = PBXBuildStyle;
			buildSettings = {
				COPY_PHASE_STRIP = NO;
			};
			name = Debug;
		};
/* End PBXBuildStyle section */

/* Begin PBXContainerItemProxy section */
		8BCD403C7310410CBFDE0AB5 /* PBXContainerItemProxy */ = {
			isa = PBXContainerItemProxy;
			containerPortal = 001C9DACE35846A8BDEF85B4 /* Project object */;
			proxyType = 1;
			remoteGlobalIDString = 25D9C8E045A4404EA5E3BF0D;
			remoteInfo = ZERO_CHECK;
		};
		AB778263777A425AAA809289 /* PBXContainerItemProxy */ = {
			isa = PBXContainerItemProxy;
			containerPortal = 001C9DACE35846A8BDEF85B4 /* Project object */;
			proxyType = 1;
			remoteGlobalIDString = C5A4A09F0CD94F15B74A403C;
			remoteInfo = glfw;
		};
		FED9926E3821462CA919B3B5 /* PBXContainerItemProxy */ = {
			isa = PBXContainerItemProxy;
			containerPortal = 001C9DACE35846A8BDEF85B4 /* Project object */;
			proxyType = 1;
			remoteGlobalIDString = 25D9C8E045A4404EA5E3BF0D;
			remoteInfo = ZERO_CHECK;
		};
/* End PBXContainerItemProxy section */

/* Begin PBXFileReference section */
		1247C2AD5D524641B705B393 /* /Users/rebekahdoochin/senior_year/graphics/module-intro-getting-started-rdoochin/module-algorithms-geam-traphics/Asteroids!/glfw-3.2/include/GLFW/glfw3.h */ = {isa = PBXFileReference; explicitFileType = sourcecode.c.h; fileEncoding = 4; name = glfw3.h; path = include/GLFW/glfw3.h; sourceTree = SOURCE_ROOT; };
		176D692D16914E65A3AA79E6 /* /Users/rebekahdoochin/senior_year/graphics/module-intro-getting-started-rdoochin/module-algorithms-geam-traphics/Asteroids!/glfw-3.2/src/internal.h */ = {isa = PBXFileReference; explicitFileType = sourcecode.c.h; fileEncoding = 4; name = internal.h; path = src/internal.h; sourceTree = SOURCE_ROOT; };
		22DCE6D894D64179AB21A255 /* /Users/rebekahdoochin/senior_year/graphics/module-intro-getting-started-rdoochin/module-algorithms-geam-traphics/Asteroids!/glfw-3.2/src/cocoa_monitor.m */ = {isa = PBXFileReference; explicitFileType = sourcecode.c.objc; fileEncoding = 4; name = cocoa_monitor.m; path = src/cocoa_monitor.m; sourceTree = SOURCE_ROOT; };
		2DEA39BCE8BE4C7B852D13F8 /* /Users/rebekahdoochin/senior_year/graphics/module-intro-getting-started-rdoochin/module-algorithms-geam-traphics/Asteroids!/glfw-3.2/src/window.c */ = {isa = PBXFileReference; explicitFileType = sourcecode.c.c; fileEncoding = 4; name = window.c; path = src/window.c; sourceTree = SOURCE_ROOT; };
		3355D0655F5E46209098647E /* /Users/rebekahdoochin/senior_year/graphics/module-intro-getting-started-rdoochin/module-algorithms-geam-traphics/Asteroids!/glfw-3.2/src/posix_tls.c */ = {isa = PBXFileReference; explicitFileType = sourcecode.c.c; fileEncoding = 4; name = posix_tls.c; path = src/posix_tls.c; sourceTree = SOURCE_ROOT; };
		42F360A87ABD4CE08E3A3916 /* /Users/rebekahdoochin/senior_year/graphics/module-intro-getting-started-rdoochin/module-algorithms-geam-traphics/Asteroids!/glfw-3.2/include/GLFW/glfw3native.h */ = {isa = PBXFileReference; explicitFileType = sourcecode.c.h; fileEncoding = 4; name = glfw3native.h; path = include/GLFW/glfw3native.h; sourceTree = SOURCE_ROOT; };
		544937A88BC241B599BBB64D /* /Users/rebekahdoochin/senior_year/graphics/module-intro-getting-started-rdoochin/module-algorithms-geam-traphics/Asteroids!/glfw-3.2/CMakeLists.txt */ = {isa = PBXFileReference; explicitFileType = sourcecode.text; fileEncoding = 4; name = CMakeLists.txt; path = CMakeLists.txt; sourceTree = SOURCE_ROOT; };
		544DB129D1B9488BB7DB5228 /* /Users/rebekahdoochin/senior_year/graphics/module-intro-getting-started-rdoochin/module-algorithms-geam-traphics/Asteroids!/glfw-3.2/src/cocoa_time.c */ = {isa = PBXFileReference; explicitFileType = sourcecode.c.c; fileEncoding = 4; name = cocoa_time.c; path = src/cocoa_time.c; sourceTree = SOURCE_ROOT; };
		5636556A8065497EBAA9DA3E /* /Users/rebekahdoochin/senior_year/graphics/module-intro-getting-started-rdoochin/module-algorithms-geam-traphics/Asteroids!/glfw-3.2/src/init.c */ = {isa = PBXFileReference; explicitFileType = sourcecode.c.c; fileEncoding = 4; name = init.c; path = src/init.c; sourceTree = SOURCE_ROOT; };
		5D18AF9A59E84247985D447A /* /Users/rebekahdoochin/senior_year/graphics/module-intro-getting-started-rdoochin/module-algorithms-geam-traphics/Asteroids!/glfw-3.2/src/vulkan.c */ = {isa = PBXFileReference; explicitFileType = sourcecode.c.c; fileEncoding = 4; name = vulkan.c; path = src/vulkan.c; sourceTree = SOURCE_ROOT; };
		694D051A8C904798A84EA82F /* /Users/rebekahdoochin/senior_year/graphics/module-intro-getting-started-rdoochin/module-algorithms-geam-traphics/Asteroids!/glfw-3.2/src/posix_tls.h */ = {isa = PBXFileReference; explicitFileType = sourcecode.c.h; fileEncoding = 4; name = posix_tls.h; path = src/posix_tls.h; sourceTree = SOURCE_ROOT; };
		731EC46A461244FAA2152685 /* /Users/rebekahdoochin/senior_year/graphics/module-intro-getting-started-rdoochin/module-algorithms-geam-traphics/Asteroids!/glfw-3.2/src/cocoa_platform.h */ = {isa = PBXFileReference; explicitFileType = sourcecode.c.h; fileEncoding = 4; name = cocoa_platform.h; path = src/cocoa_platform.h; sourceTree = SOURCE_ROOT; };
		733289DBCE2749B291A4A104 /* /Users/rebekahdoochin/senior_year/graphics/module-intro-getting-started-rdoochin/module-algorithms-geam-traphics/Asteroids!/glfw-3.2/src/input.c */ = {isa = PBXFileReference; explicitFileType = sourcecode.c.c; fileEncoding = 4; name = input.c; path = src/input.c; sourceTree = SOURCE_ROOT; };
		7690F3C2C9064399B816E9C0 /* /Users/rebekahdoochin/senior_year/graphics/module-intro-getting-started-rdoochin/module-algorithms-geam-traphics/Asteroids!/glfw-3.2/src/CMakeLists.txt */ = {isa = PBXFileReference; explicitFileType = sourcecode.text; fileEncoding = 4; name = CMakeLists.txt; path = src/CMakeLists.txt; sourceTree = SOURCE_ROOT; };
		89AC08341912448AAC07992F /* /Users/rebekahdoochin/senior_year/graphics/module-intro-getting-started-rdoochin/module-algorithms-geam-traphics/Asteroids!/glfw-3.2/src/cocoa_window.m */ = {isa = PBXFileReference; explicitFileType = sourcecode.c.objc; fileEncoding = 4; name = cocoa_window.m; path = src/cocoa_window.m; sourceTree = SOURCE_ROOT; };
		9B47EA3149794D6EB066D538 /* /Users/rebekahdoochin/senior_year/graphics/module-intro-getting-started-rdoochin/module-algorithms-geam-traphics/Asteroids!/glfw-3.2/src/monitor.c */ = {isa = PBXFileReference; explicitFileType = sourcecode.c.c; fileEncoding = 4; name = monitor.c; path = src/monitor.c; sourceTree = SOURCE_ROOT; };
		A4DD14271B334389837A8DF9 /* glfw */ = {isa = PBXFileReference; explicitFileType = archive.ar; path = libglfw3.a; sourceTree = BUILT_PRODUCTS_DIR; };
		A9F0E9F21965482D9F801976 /* /Users/rebekahdoochin/senior_year/graphics/module-intro-getting-started-rdoochin/module-algorithms-geam-traphics/new_build/glfw-3.2/src/glfw_config.h */ = {isa = PBXFileReference; explicitFileType = sourcecode.c.h; fileEncoding = 4; name = glfw_config.h; path = "../../new_build/glfw-3.2/src/glfw_config.h"; sourceTree = SOURCE_ROOT; };
		B229F0BDAF2941D09B9E5A0B /* /Users/rebekahdoochin/senior_year/graphics/module-intro-getting-started-rdoochin/module-algorithms-geam-traphics/Asteroids!/glfw-3.2/src/nsgl_context.h */ = {isa = PBXFileReference; explicitFileType = sourcecode.c.h; fileEncoding = 4; name = nsgl_context.h; path = src/nsgl_context.h; sourceTree = SOURCE_ROOT; };
		B27035963C1646A2A668AF40 /* /Users/rebekahdoochin/senior_year/graphics/module-intro-getting-started-rdoochin/module-algorithms-geam-traphics/Asteroids!/glfw-3.2/src/cocoa_joystick.m */ = {isa = PBXFileReference; explicitFileType = sourcecode.c.objc; fileEncoding = 4; name = cocoa_joystick.m; path = src/cocoa_joystick.m; sourceTree = SOURCE_ROOT; };
		B58105E0E8324533A864FA0A /* /Users/rebekahdoochin/senior_year/graphics/module-intro-getting-started-rdoochin/module-algorithms-geam-traphics/Asteroids!/glfw-3.2/src/context.c */ = {isa = PBXFileReference; explicitFileType = sourcecode.c.c; fileEncoding = 4; name = context.c; path = src/context.c; sourceTree = SOURCE_ROOT; };
		CF233B93B7DF4790B415949A /* /Users/rebekahdoochin/senior_year/graphics/module-intro-getting-started-rdoochin/module-algorithms-geam-traphics/Asteroids!/glfw-3.2/src/cocoa_joystick.h */ = {isa = PBXFileReference; explicitFileType = sourcecode.c.h; fileEncoding = 4; name = cocoa_joystick.h; path = src/cocoa_joystick.h; sourceTree = SOURCE_ROOT; };
		DEBF6B5529964E0CA2AFBE6B /* /Users/rebekahdoochin/senior_year/graphics/module-intro-getting-started-rdoochin/module-algorithms-geam-traphics/Asteroids!/glfw-3.2/src/cocoa_init.m */ = {isa = PBXFileReference; explicitFileType = sourcecode.c.objc; fileEncoding = 4; name = cocoa_init.m; path = src/cocoa_init.m; sourceTree = SOURCE_ROOT; };
		FC9043D21DEC42D19BC6BFB7 /* /Users/rebekahdoochin/senior_year/graphics/module-intro-getting-started-rdoochin/module-algorithms-geam-traphics/Asteroids!/glfw-3.2/src/nsgl_context.m */ = {isa = PBXFileReference; explicitFileType = sourcecode.c.objc; fileEncoding = 4; name = nsgl_context.m; path = src/nsgl_context.m; sourceTree = SOURCE_ROOT; };
/* End PBXFileReference section */

/* Begin PBXGroup section */
		1A9C80255AB547B0BF63D9CD /* Products */ = {
			isa = PBXGroup;
			children = (
				A4DD14271B334389837A8DF9 /* glfw */,
			);
			name = Products;
			sourceTree = "<group>";
		};
		41E081713B9C4179BA8CB949 /* Header Files */ = {
			isa = PBXGroup;
			children = (
				1247C2AD5D524641B705B393 /* /Users/rebekahdoochin/senior_year/graphics/module-intro-getting-started-rdoochin/module-algorithms-geam-traphics/Asteroids!/glfw-3.2/include/GLFW/glfw3.h */,
				42F360A87ABD4CE08E3A3916 /* /Users/rebekahdoochin/senior_year/graphics/module-intro-getting-started-rdoochin/module-algorithms-geam-traphics/Asteroids!/glfw-3.2/include/GLFW/glfw3native.h */,
				CF233B93B7DF4790B415949A /* /Users/rebekahdoochin/senior_year/graphics/module-intro-getting-started-rdoochin/module-algorithms-geam-traphics/Asteroids!/glfw-3.2/src/cocoa_joystick.h */,
				731EC46A461244FAA2152685 /* /Users/rebekahdoochin/senior_year/graphics/module-intro-getting-started-rdoochin/module-algorithms-geam-traphics/Asteroids!/glfw-3.2/src/cocoa_platform.h */,
				176D692D16914E65A3AA79E6 /* /Users/rebekahdoochin/senior_year/graphics/module-intro-getting-started-rdoochin/module-algorithms-geam-traphics/Asteroids!/glfw-3.2/src/internal.h */,
				B229F0BDAF2941D09B9E5A0B /* /Users/rebekahdoochin/senior_year/graphics/module-intro-getting-started-rdoochin/module-algorithms-geam-traphics/Asteroids!/glfw-3.2/src/nsgl_context.h */,
				694D051A8C904798A84EA82F /* /Users/rebekahdoochin/senior_year/graphics/module-intro-getting-started-rdoochin/module-algorithms-geam-traphics/Asteroids!/glfw-3.2/src/posix_tls.h */,
				A9F0E9F21965482D9F801976 /* /Users/rebekahdoochin/senior_year/graphics/module-intro-getting-started-rdoochin/module-algorithms-geam-traphics/new_build/glfw-3.2/src/glfw_config.h */,
			);
			name = "Header Files";
			sourceTree = "<group>";
		};
		4BB17C01D8A84343B12E5B43 = {
			isa = PBXGroup;
			children = (
				8F65A487805A491095E21BFB /* ALL_BUILD */,
				979B218D5C2C4315AA78B30A /* GLFW3 */,
				1A9C80255AB547B0BF63D9CD /* Products */,
			);
			sourceTree = "<group>";
		};
		56596F06C99B4C7194184C61 /* Source Files */ = {
			isa = PBXGroup;
			children = (
				DEBF6B5529964E0CA2AFBE6B /* /Users/rebekahdoochin/senior_year/graphics/module-intro-getting-started-rdoochin/module-algorithms-geam-traphics/Asteroids!/glfw-3.2/src/cocoa_init.m */,
				B27035963C1646A2A668AF40 /* /Users/rebekahdoochin/senior_year/graphics/module-intro-getting-started-rdoochin/module-algorithms-geam-traphics/Asteroids!/glfw-3.2/src/cocoa_joystick.m */,
				22DCE6D894D64179AB21A255 /* /Users/rebekahdoochin/senior_year/graphics/module-intro-getting-started-rdoochin/module-algorithms-geam-traphics/Asteroids!/glfw-3.2/src/cocoa_monitor.m */,
				544DB129D1B9488BB7DB5228 /* /Users/rebekahdoochin/senior_year/graphics/module-intro-getting-started-rdoochin/module-algorithms-geam-traphics/Asteroids!/glfw-3.2/src/cocoa_time.c */,
				89AC08341912448AAC07992F /* /Users/rebekahdoochin/senior_year/graphics/module-intro-getting-started-rdoochin/module-algorithms-geam-traphics/Asteroids!/glfw-3.2/src/cocoa_window.m */,
				B58105E0E8324533A864FA0A /* /Users/rebekahdoochin/senior_year/graphics/module-intro-getting-started-rdoochin/module-algorithms-geam-traphics/Asteroids!/glfw-3.2/src/context.c */,
				5636556A8065497EBAA9DA3E /* /Users/rebekahdoochin/senior_year/graphics/module-intro-getting-started-rdoochin/module-algorithms-geam-traphics/Asteroids!/glfw-3.2/src/init.c */,
				733289DBCE2749B291A4A104 /* /Users/rebekahdoochin/senior_year/graphics/module-intro-getting-started-rdoochin/module-algorithms-geam-traphics/Asteroids!/glfw-3.2/src/input.c */,
				9B47EA3149794D6EB066D538 /* /Users/rebekahdoochin/senior_year/graphics/module-intro-getting-started-rdoochin/module-algorithms-geam-traphics/Asteroids!/glfw-3.2/src/monitor.c */,
				FC9043D21DEC42D19BC6BFB7 /* /Users/rebekahdoochin/senior_year/graphics/module-intro-getting-started-rdoochin/module-algorithms-geam-traphics/Asteroids!/glfw-3.2/src/nsgl_context.m */,
				3355D0655F5E46209098647E /* /Users/rebekahdoochin/senior_year/graphics/module-intro-getting-started-rdoochin/module-algorithms-geam-traphics/Asteroids!/glfw-3.2/src/posix_tls.c */,
				5D18AF9A59E84247985D447A /* /Users/rebekahdoochin/senior_year/graphics/module-intro-getting-started-rdoochin/module-algorithms-geam-traphics/Asteroids!/glfw-3.2/src/vulkan.c */,
				2DEA39BCE8BE4C7B852D13F8 /* /Users/rebekahdoochin/senior_year/graphics/module-intro-getting-started-rdoochin/module-algorithms-geam-traphics/Asteroids!/glfw-3.2/src/window.c */,
			);
			name = "Source Files";
			sourceTree = "<group>";
		};
		6110A43462EF4AB183A97B5A /* glfw */ = {
			isa = PBXGroup;
			children = (
				56596F06C99B4C7194184C61 /* Source Files */,
				41E081713B9C4179BA8CB949 /* Header Files */,
				7690F3C2C9064399B816E9C0 /* /Users/rebekahdoochin/senior_year/graphics/module-intro-getting-started-rdoochin/module-algorithms-geam-traphics/Asteroids!/glfw-3.2/src/CMakeLists.txt */,
			);
			name = glfw;
			sourceTree = "<group>";
		};
		8F65A487805A491095E21BFB /* ALL_BUILD */ = {
			isa = PBXGroup;
			children = (
				96F2CDCD5FE4406595B80688 /* CMake Rules */,
				544937A88BC241B599BBB64D /* /Users/rebekahdoochin/senior_year/graphics/module-intro-getting-started-rdoochin/module-algorithms-geam-traphics/Asteroids!/glfw-3.2/CMakeLists.txt */,
			);
			name = ALL_BUILD;
			sourceTree = "<group>";
		};
		96F2CDCD5FE4406595B80688 /* CMake Rules */ = {
			isa = PBXGroup;
			children = (
			);
			name = "CMake Rules";
			sourceTree = "<group>";
		};
		979B218D5C2C4315AA78B30A /* GLFW3 */ = {
			isa = PBXGroup;
			children = (
				6110A43462EF4AB183A97B5A /* glfw */,
			);
			name = GLFW3;
			sourceTree = "<group>";
		};
/* End PBXGroup section */

/* Begin PBXNativeTarget section */
		C5A4A09F0CD94F15B74A403C /* glfw */ = {
			isa = PBXNativeTarget;
			buildConfigurationList = E1B826FCF3124B4FB982C22D /* Build configuration list for PBXNativeTarget "glfw" */;
			buildPhases = (
				A1C569DC2ECD4EC58F9591F5 /* Sources */,
			);
			buildRules = (
			);
			dependencies = (
				0F91B13239B44177B7F99B91 /* PBXTargetDependency */,
			);
			name = glfw;
			productName = glfw;
			productReference = A4DD14271B334389837A8DF9 /* glfw */;
			productType = "com.apple.product-type.library.static";
		};
/* End PBXNativeTarget section */

/* Begin PBXProject section */
		001C9DACE35846A8BDEF85B4 /* Project object */ = {
			isa = PBXProject;
			attributes = {
				BuildIndependentTargetsInParallel = YES;
				LastUpgradeCheck = 1140;
			};
			buildConfigurationList = 9041D45BCA1344FE902C0530 /* Build configuration list for PBXProject "GLFW" */;
			buildSettings = {
			};
			buildStyles = (
				F8E20D21F82B48A78BE02D8A /* Debug */,
				7363647291D84714889F41A7 /* Release */,
				B353A5E093214B7DAC88E5D5 /* MinSizeRel */,
				933C9EEDFF8843D6939D1899 /* RelWithDebInfo */,
			);
			compatibilityVersion = "Xcode 3.2";
			hasScannedForEncodings = 0;
			mainGroup = 4BB17C01D8A84343B12E5B43;
			projectDirPath = "/Users/rebekahdoochin/senior_year/graphics/module-intro-getting-started-rdoochin/module-algorithms-geam-traphics/Asteroids!/glfw-3.2";
			projectRoot = "";
			targets = (
				D15DEEB73EB94C9BBFBBB966 /* ALL_BUILD */,
				25D9C8E045A4404EA5E3BF0D /* ZERO_CHECK */,
				C5A4A09F0CD94F15B74A403C /* glfw */,
			);
		};
/* End PBXProject section */

/* Begin PBXShellScriptBuildPhase section */
		B84C15C6706C44CCA196BF8D = {
			isa = PBXShellScriptBuildPhase;
			buildActionMask = 2147483647;
			files = (
			);
			inputPaths = (
			);
			outputPaths = (
			);
			runOnlyForDeploymentPostprocessing = 0;
			shellPath = /bin/sh;
			shellScript = "# shell script goes here
exit 0";
			showEnvVarsInLog = 0;
		};
		C1A6819CF0BD44CC80704A02 /* CMake Rules */ = {
			isa = PBXShellScriptBuildPhase;
			buildActionMask = 2147483647;
			files = (
			);
			name = "CMake Rules";
			runOnlyForDeploymentPostprocessing = 0;
			shellPath = /bin/sh;
			shellScript = "make -C /Users/rebekahdoochin/senior_year/graphics/module-intro-getting-started-rdoochin/module-algorithms-geam-traphics/new_build/glfw-3.2 -f /Users/rebekahdoochin/senior_year/graphics/module-intro-getting-started-rdoochin/module-algorithms-geam-traphics/new_build/glfw-3.2/CMakeScripts/ALL_BUILD_cmakeRulesBuildPhase.make$CONFIGURATION OBJDIR=$(basename \"$OBJECT_FILE_DIR_normal\") all";
			showEnvVarsInLog = 0;
		};
		E978D6CE7C2F4CED8A796560 = {
			isa = PBXShellScriptBuildPhase;
			buildActionMask = 2147483647;
			files = (
			);
			inputPaths = (
			);
			outputPaths = (
			);
			runOnlyForDeploymentPostprocessing = 0;
			shellPath = /bin/sh;
			shellScript = "# shell script goes here
exit 0";
			showEnvVarsInLog = 0;
		};
		F3FDA13C3076436A966921CF /* CMake Rules */ = {
			isa = PBXShellScriptBuildPhase;
			buildActionMask = 2147483647;
			files = (
			);
			name = "CMake Rules";
			runOnlyForDeploymentPostprocessing = 0;
			shellPath = /bin/sh;
			shellScript = "make -C /Users/rebekahdoochin/senior_year/graphics/module-intro-getting-started-rdoochin/module-algorithms-geam-traphics/new_build/glfw-3.2 -f /Users/rebekahdoochin/senior_year/graphics/module-intro-getting-started-rdoochin/module-algorithms-geam-traphics/new_build/glfw-3.2/CMakeScripts/ZERO_CHECK_cmakeRulesBuildPhase.make$CONFIGURATION OBJDIR=$(basename \"$OBJECT_FILE_DIR_normal\") all";
			showEnvVarsInLog = 0;
		};
/* End PBXShellScriptBuildPhase section */

/* Begin PBXSourcesBuildPhase section */
		A1C569DC2ECD4EC58F9591F5 /* Sources */ = {
			isa = PBXSourcesBuildPhase;
			buildActionMask = 2147483647;
			files = (
				B699B1A21AEC453D81C4D60B /* /Users/rebekahdoochin/senior_year/graphics/module-intro-getting-started-rdoochin/module-algorithms-geam-traphics/Asteroids!/glfw-3.2/src/cocoa_init.m */,
				36ED17B95960407BB9560FA9 /* /Users/rebekahdoochin/senior_year/graphics/module-intro-getting-started-rdoochin/module-algorithms-geam-traphics/Asteroids!/glfw-3.2/src/cocoa_joystick.m */,
				2F153815421C4E0F92EBA36C /* /Users/rebekahdoochin/senior_year/graphics/module-intro-getting-started-rdoochin/module-algorithms-geam-traphics/Asteroids!/glfw-3.2/src/cocoa_monitor.m */,
				09664A9A9923473E9BA7F5E1 /* /Users/rebekahdoochin/senior_year/graphics/module-intro-getting-started-rdoochin/module-algorithms-geam-traphics/Asteroids!/glfw-3.2/src/cocoa_time.c */,
				31DCDC8CD40C457E99E82674 /* /Users/rebekahdoochin/senior_year/graphics/module-intro-getting-started-rdoochin/module-algorithms-geam-traphics/Asteroids!/glfw-3.2/src/cocoa_window.m */,
				827725EAA1CA4D49A3FB2AE3 /* /Users/rebekahdoochin/senior_year/graphics/module-intro-getting-started-rdoochin/module-algorithms-geam-traphics/Asteroids!/glfw-3.2/src/context.c */,
				A0AC7E9D6F9E4647ADB5D543 /* /Users/rebekahdoochin/senior_year/graphics/module-intro-getting-started-rdoochin/module-algorithms-geam-traphics/Asteroids!/glfw-3.2/src/init.c */,
				DDFE4FB1087B42D680335223 /* /Users/rebekahdoochin/senior_year/graphics/module-intro-getting-started-rdoochin/module-algorithms-geam-traphics/Asteroids!/glfw-3.2/src/input.c */,
				2BAB20660BAD422892B2998D /* /Users/rebekahdoochin/senior_year/graphics/module-intro-getting-started-rdoochin/module-algorithms-geam-traphics/Asteroids!/glfw-3.2/src/monitor.c */,
				E3FC5E84F20849BA82A6E826 /* /Users/rebekahdoochin/senior_year/graphics/module-intro-getting-started-rdoochin/module-algorithms-geam-traphics/Asteroids!/glfw-3.2/src/nsgl_context.m */,
				B85FCA1D4CB44FA58D8ACAA5 /* /Users/rebekahdoochin/senior_year/graphics/module-intro-getting-started-rdoochin/module-algorithms-geam-traphics/Asteroids!/glfw-3.2/src/posix_tls.c */,
				7E08A55D13DB432BB9DE5E0A /* /Users/rebekahdoochin/senior_year/graphics/module-intro-getting-started-rdoochin/module-algorithms-geam-traphics/Asteroids!/glfw-3.2/src/vulkan.c */,
				EA7A146FE3334FC39C984A23 /* /Users/rebekahdoochin/senior_year/graphics/module-intro-getting-started-rdoochin/module-algorithms-geam-traphics/Asteroids!/glfw-3.2/src/window.c */,
			);
			runOnlyForDeploymentPostprocessing = 0;
		};
/* End PBXSourcesBuildPhase section */

/* Begin PBXTargetDependency section */
		03FC137089BA4BF58907B448 /* PBXTargetDependency */ = {
			isa = PBXTargetDependency;
			target = 25D9C8E045A4404EA5E3BF0D /* ZERO_CHECK */;
			targetProxy = FED9926E3821462CA919B3B5 /* PBXContainerItemProxy */;
		};
		0F91B13239B44177B7F99B91 /* PBXTargetDependency */ = {
			isa = PBXTargetDependency;
			target = 25D9C8E045A4404EA5E3BF0D /* ZERO_CHECK */;
			targetProxy = 8BCD403C7310410CBFDE0AB5 /* PBXContainerItemProxy */;
		};
		9A46F4A3622E49019245D2F1 /* PBXTargetDependency */ = {
			isa = PBXTargetDependency;
			target = C5A4A09F0CD94F15B74A403C /* glfw */;
			targetProxy = AB778263777A425AAA809289 /* PBXContainerItemProxy */;
		};
/* End PBXTargetDependency section */

/* Begin XCBuildConfiguration section */
		04429AF45E144CC1A359B51A /* RelWithDebInfo */ = {
			isa = XCBuildConfiguration;
			buildSettings = {
				COMBINE_HIDPI_IMAGES = YES;
				EXECUTABLE_PREFIX = lib;
				EXECUTABLE_SUFFIX = .a;
				GCC_GENERATE_DEBUGGING_SYMBOLS = YES;
				GCC_INLINES_ARE_PRIVATE_EXTERN = NO;
				GCC_OPTIMIZATION_LEVEL = 2;
				GCC_PREPROCESSOR_DEFINITIONS = ("'CMAKE_INTDIR=\"$(CONFIGURATION)$(EFFECTIVE_PLATFORM_NAME)\"'",_GLFW_USE_CONFIG_H);
				GCC_SYMBOLS_PRIVATE_EXTERN = NO;
				HEADER_SEARCH_PATHS = ("/Users/rebekahdoochin/senior_year/graphics/module-intro-getting-started-rdoochin/module-algorithms-geam-traphics/Asteroids!/glfw-3.2/include","/Users/rebekahdoochin/senior_year/graphics/module-intro-getting-started-rdoochin/module-algorithms-geam-traphics/Asteroids!/glfw-3.2/src","/Users/rebekahdoochin/senior_year/graphics/module-intro-getting-started-rdoochin/module-algorithms-geam-traphics/new_build/glfw-3.2/src");
				INSTALL_PATH = "";
				LIBRARY_STYLE = STATIC;
				OTHER_CFLAGS = "       -DNDEBUG -fPIC -Wall ";
				OTHER_LIBTOOLFLAGS = " ";
				OTHER_REZFLAGS = "";
				PRODUCT_NAME = glfw3;
				SECTORDER_FLAGS = "";
				SYMROOT = "/Users/rebekahdoochin/senior_year/graphics/module-intro-getting-started-rdoochin/module-algorithms-geam-traphics/new_build/glfw-3.2/src";
				USE_HEADERMAP = NO;
				WARNING_CFLAGS = ("$(inherited)");
			};
			name = RelWithDebInfo;
		};
		0AAD0A55337D4871ABBEE4B2 /* RelWithDebInfo */ = {
			isa = XCBuildConfiguration;
			buildSettings = {
				ARCHS = "$(NATIVE_ARCH_ACTUAL)";
				ONLY_ACTIVE_ARCH = YES;
				SDKROOT = /Applications/Xcode.app/Contents/Developer/Platforms/MacOSX.platform/Developer/SDKs/MacOSX10.15.sdk;
				SYMROOT = "/Users/rebekahdoochin/senior_year/graphics/module-intro-getting-started-rdoochin/module-algorithms-geam-traphics/new_build/glfw-3.2/build";
			};
			name = RelWithDebInfo;
		};
		0D0F2DB75D384D3592434B3F /* Release */ = {
			isa = XCBuildConfiguration;
			buildSettings = {
				COMBINE_HIDPI_IMAGES = YES;
				EXECUTABLE_PREFIX = lib;
				EXECUTABLE_SUFFIX = .a;
				GCC_GENERATE_DEBUGGING_SYMBOLS = NO;
				GCC_INLINES_ARE_PRIVATE_EXTERN = NO;
				GCC_OPTIMIZATION_LEVEL = 3;
				GCC_PREPROCESSOR_DEFINITIONS = ("'CMAKE_INTDIR=\"$(CONFIGURATION)$(EFFECTIVE_PLATFORM_NAME)\"'",_GLFW_USE_CONFIG_H);
				GCC_SYMBOLS_PRIVATE_EXTERN = NO;
				HEADER_SEARCH_PATHS = ("/Users/rebekahdoochin/senior_year/graphics/module-intro-getting-started-rdoochin/module-algorithms-geam-traphics/Asteroids!/glfw-3.2/include","/Users/rebekahdoochin/senior_year/graphics/module-intro-getting-started-rdoochin/module-algorithms-geam-traphics/Asteroids!/glfw-3.2/src","/Users/rebekahdoochin/senior_year/graphics/module-intro-getting-started-rdoochin/module-algorithms-geam-traphics/new_build/glfw-3.2/src");
				INSTALL_PATH = "";
				LIBRARY_STYLE = STATIC;
				OTHER_CFLAGS = "    -DNDEBUG -fPIC -Wall ";
				OTHER_LIBTOOLFLAGS = " ";
				OTHER_REZFLAGS = "";
				PRODUCT_NAME = glfw3;
				SECTORDER_FLAGS = "";
				SYMROOT = "/Users/rebekahdoochin/senior_year/graphics/module-intro-getting-started-rdoochin/module-algorithms-geam-traphics/new_build/glfw-3.2/src";
				USE_HEADERMAP = NO;
				WARNING_CFLAGS = ("$(inherited)");
			};
			name = Release;
		};
		195CA7EA850D4BD18EF92E02 /* RelWithDebInfo */ = {
			isa = XCBuildConfiguration;
			buildSettings = {
				COMBINE_HIDPI_IMAGES = YES;
				GCC_GENERATE_DEBUGGING_SYMBOLS = YES;
				GCC_INLINES_ARE_PRIVATE_EXTERN = NO;
				GCC_OPTIMIZATION_LEVEL = 0;
				GCC_PREPROCESSOR_DEFINITIONS = ("'CMAKE_INTDIR=\"$(CONFIGURATION)$(EFFECTIVE_PLATFORM_NAME)\"'");
				GCC_SYMBOLS_PRIVATE_EXTERN = NO;
				INSTALL_PATH = "";
				OTHER_LDFLAGS = " ";
				OTHER_REZFLAGS = "";
				PRODUCT_NAME = ALL_BUILD;
				SECTORDER_FLAGS = "";
				SYMROOT = "/Users/rebekahdoochin/senior_year/graphics/module-intro-getting-started-rdoochin/module-algorithms-geam-traphics/new_build/glfw-3.2";
				USE_HEADERMAP = NO;
				WARNING_CFLAGS = ("$(inherited)");
			};
			name = RelWithDebInfo;
		};
		4D751DFB3D374A6486954813 /* MinSizeRel */ = {
			isa = XCBuildConfiguration;
			buildSettings = {
				COMBINE_HIDPI_IMAGES = YES;
				EXECUTABLE_PREFIX = lib;
				EXECUTABLE_SUFFIX = .a;
				GCC_GENERATE_DEBUGGING_SYMBOLS = NO;
				GCC_INLINES_ARE_PRIVATE_EXTERN = NO;
				GCC_OPTIMIZATION_LEVEL = s;
				GCC_PREPROCESSOR_DEFINITIONS = ("'CMAKE_INTDIR=\"$(CONFIGURATION)$(EFFECTIVE_PLATFORM_NAME)\"'",_GLFW_USE_CONFIG_H);
				GCC_SYMBOLS_PRIVATE_EXTERN = NO;
				HEADER_SEARCH_PATHS = ("/Users/rebekahdoochin/senior_year/graphics/module-intro-getting-started-rdoochin/module-algorithms-geam-traphics/Asteroids!/glfw-3.2/include","/Users/rebekahdoochin/senior_year/graphics/module-intro-getting-started-rdoochin/module-algorithms-geam-traphics/Asteroids!/glfw-3.2/src","/Users/rebekahdoochin/senior_year/graphics/module-intro-getting-started-rdoochin/module-algorithms-geam-traphics/new_build/glfw-3.2/src");
				INSTALL_PATH = "";
				LIBRARY_STYLE = STATIC;
				OTHER_CFLAGS = "    -DNDEBUG -fPIC -Wall ";
				OTHER_LIBTOOLFLAGS = " ";
				OTHER_REZFLAGS = "";
				PRODUCT_NAME = glfw3;
				SECTORDER_FLAGS = "";
				SYMROOT = "/Users/rebekahdoochin/senior_year/graphics/module-intro-getting-started-rdoochin/module-algorithms-geam-traphics/new_build/glfw-3.2/src";
				USE_HEADERMAP = NO;
				WARNING_CFLAGS = ("$(inherited)");
			};
			name = MinSizeRel;
		};
		53F6B8CC6961432793F439E1 /* Debug */ = {
			isa = XCBuildConfiguration;
			buildSettings = {
				COMBINE_HIDPI_IMAGES = YES;
				EXECUTABLE_PREFIX = lib;
				EXECUTABLE_SUFFIX = .a;
				GCC_GENERATE_DEBUGGING_SYMBOLS = YES;
				GCC_INLINES_ARE_PRIVATE_EXTERN = NO;
				GCC_OPTIMIZATION_LEVEL = 0;
				GCC_PREPROCESSOR_DEFINITIONS = ("'CMAKE_INTDIR=\"$(CONFIGURATION)$(EFFECTIVE_PLATFORM_NAME)\"'",_GLFW_USE_CONFIG_H);
				GCC_SYMBOLS_PRIVATE_EXTERN = NO;
				HEADER_SEARCH_PATHS = ("/Users/rebekahdoochin/senior_year/graphics/module-intro-getting-started-rdoochin/module-algorithms-geam-traphics/Asteroids!/glfw-3.2/include","/Users/rebekahdoochin/senior_year/graphics/module-intro-getting-started-rdoochin/module-algorithms-geam-traphics/Asteroids!/glfw-3.2/src","/Users/rebekahdoochin/senior_year/graphics/module-intro-getting-started-rdoochin/module-algorithms-geam-traphics/new_build/glfw-3.2/src");
				INSTALL_PATH = "";
				LIBRARY_STYLE = STATIC;
				OTHER_CFLAGS = "   -fPIC -Wall ";
				OTHER_LIBTOOLFLAGS = " ";
				OTHER_REZFLAGS = "";
				PRODUCT_NAME = glfw3;
				SECTORDER_FLAGS = "";
				SYMROOT = "/Users/rebekahdoochin/senior_year/graphics/module-intro-getting-started-rdoochin/module-algorithms-geam-traphics/new_build/glfw-3.2/src";
				USE_HEADERMAP = NO;
				WARNING_CFLAGS = ("$(inherited)");
			};
			name = Debug;
		};
		5645F8D2109445FEA4F850CA /* MinSizeRel */ = {
			isa = XCBuildConfiguration;
			buildSettings = {
				COMBINE_HIDPI_IMAGES = YES;
				GCC_GENERATE_DEBUGGING_SYMBOLS = YES;
				GCC_INLINES_ARE_PRIVATE_EXTERN = NO;
				GCC_OPTIMIZATION_LEVEL = 0;
				GCC_PREPROCESSOR_DEFINITIONS = ("'CMAKE_INTDIR=\"$(CONFIGURATION)$(EFFECTIVE_PLATFORM_NAME)\"'");
				GCC_SYMBOLS_PRIVATE_EXTERN = NO;
				INSTALL_PATH = "";
				OTHER_LDFLAGS = " ";
				OTHER_REZFLAGS = "";
				PRODUCT_NAME = ZERO_CHECK;
				SECTORDER_FLAGS = "";
				SYMROOT = "/Users/rebekahdoochin/senior_year/graphics/module-intro-getting-started-rdoochin/module-algorithms-geam-traphics/new_build/glfw-3.2";
				USE_HEADERMAP = NO;
				WARNING_CFLAGS = ("$(inherited)");
			};
			name = MinSizeRel;
		};
		6648B555FA824D81A46C36AA /* Debug */ = {
			isa = XCBuildConfiguration;
			buildSettings = {
				COMBINE_HIDPI_IMAGES = YES;
				GCC_GENERATE_DEBUGGING_SYMBOLS = YES;
				GCC_INLINES_ARE_PRIVATE_EXTERN = NO;
				GCC_OPTIMIZATION_LEVEL = 0;
				GCC_PREPROCESSOR_DEFINITIONS = ("'CMAKE_INTDIR=\"$(CONFIGURATION)$(EFFECTIVE_PLATFORM_NAME)\"'");
				GCC_SYMBOLS_PRIVATE_EXTERN = NO;
				INSTALL_PATH = "";
				OTHER_LDFLAGS = " ";
				OTHER_REZFLAGS = "";
				PRODUCT_NAME = ZERO_CHECK;
				SECTORDER_FLAGS = "";
				SYMROOT = "/Users/rebekahdoochin/senior_year/graphics/module-intro-getting-started-rdoochin/module-algorithms-geam-traphics/new_build/glfw-3.2";
				USE_HEADERMAP = NO;
				WARNING_CFLAGS = ("$(inherited)");
			};
			name = Debug;
		};
		74E67EFAC7DA4E4EACBA050F /* Release */ = {
			isa = XCBuildConfiguration;
			buildSettings = {
				ARCHS = "$(NATIVE_ARCH_ACTUAL)";
				ONLY_ACTIVE_ARCH = YES;
				SDKROOT = /Applications/Xcode.app/Contents/Developer/Platforms/MacOSX.platform/Developer/SDKs/MacOSX10.15.sdk;
				SYMROOT = "/Users/rebekahdoochin/senior_year/graphics/module-intro-getting-started-rdoochin/module-algorithms-geam-traphics/new_build/glfw-3.2/build";
			};
			name = Release;
		};
		76609497EAB24991A7DB09E1 /* Debug */ = {
			isa = XCBuildConfiguration;
			buildSettings = {
				ARCHS = "$(NATIVE_ARCH_ACTUAL)";
				ONLY_ACTIVE_ARCH = YES;
				SDKROOT = /Applications/Xcode.app/Contents/Developer/Platforms/MacOSX.platform/Developer/SDKs/MacOSX10.15.sdk;
				SYMROOT = "/Users/rebekahdoochin/senior_year/graphics/module-intro-getting-started-rdoochin/module-algorithms-geam-traphics/new_build/glfw-3.2/build";
			};
			name = Debug;
		};
		81D1504DC82B46759196E74B /* Release */ = {
			isa = XCBuildConfiguration;
			buildSettings = {
				COMBINE_HIDPI_IMAGES = YES;
				GCC_GENERATE_DEBUGGING_SYMBOLS = YES;
				GCC_INLINES_ARE_PRIVATE_EXTERN = NO;
				GCC_OPTIMIZATION_LEVEL = 0;
				GCC_PREPROCESSOR_DEFINITIONS = ("'CMAKE_INTDIR=\"$(CONFIGURATION)$(EFFECTIVE_PLATFORM_NAME)\"'");
				GCC_SYMBOLS_PRIVATE_EXTERN = NO;
				INSTALL_PATH = "";
				OTHER_LDFLAGS = " ";
				OTHER_REZFLAGS = "";
				PRODUCT_NAME = ALL_BUILD;
				SECTORDER_FLAGS = "";
				SYMROOT = "/Users/rebekahdoochin/senior_year/graphics/module-intro-getting-started-rdoochin/module-algorithms-geam-traphics/new_build/glfw-3.2";
				USE_HEADERMAP = NO;
				WARNING_CFLAGS = ("$(inherited)");
			};
			name = Release;
		};
		9293BDED59264E65868D7D66 /* Debug */ = {
			isa = XCBuildConfiguration;
			buildSettings = {
				COMBINE_HIDPI_IMAGES = YES;
				GCC_GENERATE_DEBUGGING_SYMBOLS = YES;
				GCC_INLINES_ARE_PRIVATE_EXTERN = NO;
				GCC_OPTIMIZATION_LEVEL = 0;
				GCC_PREPROCESSOR_DEFINITIONS = ("'CMAKE_INTDIR=\"$(CONFIGURATION)$(EFFECTIVE_PLATFORM_NAME)\"'");
				GCC_SYMBOLS_PRIVATE_EXTERN = NO;
				INSTALL_PATH = "";
				OTHER_LDFLAGS = " ";
				OTHER_REZFLAGS = "";
				PRODUCT_NAME = ALL_BUILD;
				SECTORDER_FLAGS = "";
				SYMROOT = "/Users/rebekahdoochin/senior_year/graphics/module-intro-getting-started-rdoochin/module-algorithms-geam-traphics/new_build/glfw-3.2";
				USE_HEADERMAP = NO;
				WARNING_CFLAGS = ("$(inherited)");
			};
			name = Debug;
		};
		986A785E347B4E79B1ED758D /* Release */ = {
			isa = XCBuildConfiguration;
			buildSettings = {
				COMBINE_HIDPI_IMAGES = YES;
				GCC_GENERATE_DEBUGGING_SYMBOLS = YES;
				GCC_INLINES_ARE_PRIVATE_EXTERN = NO;
				GCC_OPTIMIZATION_LEVEL = 0;
				GCC_PREPROCESSOR_DEFINITIONS = ("'CMAKE_INTDIR=\"$(CONFIGURATION)$(EFFECTIVE_PLATFORM_NAME)\"'");
				GCC_SYMBOLS_PRIVATE_EXTERN = NO;
				INSTALL_PATH = "";
				OTHER_LDFLAGS = " ";
				OTHER_REZFLAGS = "";
				PRODUCT_NAME = ZERO_CHECK;
				SECTORDER_FLAGS = "";
				SYMROOT = "/Users/rebekahdoochin/senior_year/graphics/module-intro-getting-started-rdoochin/module-algorithms-geam-traphics/new_build/glfw-3.2";
				USE_HEADERMAP = NO;
				WARNING_CFLAGS = ("$(inherited)");
			};
			name = Release;
		};
		B081341EAC664CEA98D68564 /* MinSizeRel */ = {
			isa = XCBuildConfiguration;
			buildSettings = {
				COMBINE_HIDPI_IMAGES = YES;
				GCC_GENERATE_DEBUGGING_SYMBOLS = YES;
				GCC_INLINES_ARE_PRIVATE_EXTERN = NO;
				GCC_OPTIMIZATION_LEVEL = 0;
				GCC_PREPROCESSOR_DEFINITIONS = ("'CMAKE_INTDIR=\"$(CONFIGURATION)$(EFFECTIVE_PLATFORM_NAME)\"'");
				GCC_SYMBOLS_PRIVATE_EXTERN = NO;
				INSTALL_PATH = "";
				OTHER_LDFLAGS = " ";
				OTHER_REZFLAGS = "";
				PRODUCT_NAME = ALL_BUILD;
				SECTORDER_FLAGS = "";
				SYMROOT = "/Users/rebekahdoochin/senior_year/graphics/module-intro-getting-started-rdoochin/module-algorithms-geam-traphics/new_build/glfw-3.2";
				USE_HEADERMAP = NO;
				WARNING_CFLAGS = ("$(inherited)");
			};
			name = MinSizeRel;
		};
		EF974AE34C2F452397AFD7A3 /* RelWithDebInfo */ = {
			isa = XCBuildConfiguration;
			buildSettings = {
				COMBINE_HIDPI_IMAGES = YES;
				GCC_GENERATE_DEBUGGING_SYMBOLS = YES;
				GCC_INLINES_ARE_PRIVATE_EXTERN = NO;
				GCC_OPTIMIZATION_LEVEL = 0;
				GCC_PREPROCESSOR_DEFINITIONS = ("'CMAKE_INTDIR=\"$(CONFIGURATION)$(EFFECTIVE_PLATFORM_NAME)\"'");
				GCC_SYMBOLS_PRIVATE_EXTERN = NO;
				INSTALL_PATH = "";
				OTHER_LDFLAGS = " ";
				OTHER_REZFLAGS = "";
				PRODUCT_NAME = ZERO_CHECK;
				SECTORDER_FLAGS = "";
				SYMROOT = "/Users/rebekahdoochin/senior_year/graphics/module-intro-getting-started-rdoochin/module-algorithms-geam-traphics/new_build/glfw-3.2";
				USE_HEADERMAP = NO;
				WARNING_CFLAGS = ("$(inherited)");
			};
			name = RelWithDebInfo;
		};
		FDD7EC7509AE4426B623CC66 /* MinSizeRel */ = {
			isa = XCBuildConfiguration;
			buildSettings = {
				ARCHS = "$(NATIVE_ARCH_ACTUAL)";
				ONLY_ACTIVE_ARCH = YES;
				SDKROOT = /Applications/Xcode.app/Contents/Developer/Platforms/MacOSX.platform/Developer/SDKs/MacOSX10.15.sdk;
				SYMROOT = "/Users/rebekahdoochin/senior_year/graphics/module-intro-getting-started-rdoochin/module-algorithms-geam-traphics/new_build/glfw-3.2/build";
			};
			name = MinSizeRel;
		};
/* End XCBuildConfiguration section */

/* Begin XCConfigurationList section */
		80E6D47D38CB40C19FFE5DF6 /* Build configuration list for PBXAggregateTarget "ALL_BUILD" */ = {
			isa = XCConfigurationList;
			buildConfigurations = (
				9293BDED59264E65868D7D66 /* Debug */,
				81D1504DC82B46759196E74B /* Release */,
				B081341EAC664CEA98D68564 /* MinSizeRel */,
				195CA7EA850D4BD18EF92E02 /* RelWithDebInfo */,
			);
			defaultConfigurationIsVisible = 0;
			defaultConfigurationName = Debug;
		};
		9041D45BCA1344FE902C0530 /* Build configuration list for PBXProject "GLFW" */ = {
			isa = XCConfigurationList;
			buildConfigurations = (
				76609497EAB24991A7DB09E1 /* Debug */,
				74E67EFAC7DA4E4EACBA050F /* Release */,
				FDD7EC7509AE4426B623CC66 /* MinSizeRel */,
				0AAD0A55337D4871ABBEE4B2 /* RelWithDebInfo */,
			);
			defaultConfigurationIsVisible = 0;
			defaultConfigurationName = Debug;
		};
		9AEECC16551A4239811ECC24 /* Build configuration list for PBXAggregateTarget "ZERO_CHECK" */ = {
			isa = XCConfigurationList;
			buildConfigurations = (
				6648B555FA824D81A46C36AA /* Debug */,
				986A785E347B4E79B1ED758D /* Release */,
				5645F8D2109445FEA4F850CA /* MinSizeRel */,
				EF974AE34C2F452397AFD7A3 /* RelWithDebInfo */,
			);
			defaultConfigurationIsVisible = 0;
			defaultConfigurationName = Debug;
		};
		E1B826FCF3124B4FB982C22D /* Build configuration list for PBXNativeTarget "glfw" */ = {
			isa = XCConfigurationList;
			buildConfigurations = (
				53F6B8CC6961432793F439E1 /* Debug */,
				0D0F2DB75D384D3592434B3F /* Release */,
				4D751DFB3D374A6486954813 /* MinSizeRel */,
				04429AF45E144CC1A359B51A /* RelWithDebInfo */,
			);
			defaultConfigurationIsVisible = 0;
			defaultConfigurationName = Debug;
		};
/* End XCConfigurationList section */
	};
	rootObject = 001C9DACE35846A8BDEF85B4 /* Project object */;
}
