// !$*UTF8*$!
{
	archiveVersion = 1;
	classes = {
	};
	objectVersion = 46;
	objects = {

/* Begin PBXAggregateTarget section */
		25D9C8E045A4404EA5E3BF0D /* ZERO_CHECK */ = {
			isa = PBXAggregateTarget;
			buildConfigurationList = 2965D1F94C924017AF455E1B /* Build configuration list for PBXAggregateTarget "ZERO_CHECK" */;
			buildPhases = (
				B334175C830C4E87832F6F4F /* CMake Rules */,
			);
			dependencies = (
			);
			name = ZERO_CHECK;
			productName = ZERO_CHECK;
		};
		D15DEEB73EB94C9BBFBBB966 /* ALL_BUILD */ = {
			isa = PBXAggregateTarget;
			buildConfigurationList = 08E2E0B4DD904075B530E38A /* Build configuration list for PBXAggregateTarget "ALL_BUILD" */;
			buildPhases = (
				24019935577E4C3581631C06 /* CMake Rules */,
			);
			dependencies = (
				77690C1BE4F54FEFAD3EA338 /* PBXTargetDependency */,
				C9C9E8516D6E47FA8C6F01DD /* PBXTargetDependency */,
			);
			name = ALL_BUILD;
			productName = ALL_BUILD;
		};
/* End PBXAggregateTarget section */

/* Begin PBXBuildFile section */
		1CE87D0E49354DDCA8221D0D /* /Users/rebekahdoochin/senior_year/graphics/module-intro-getting-started-rdoochin/module-algorithms-geam-traphics/Asteroids!/glfw-3.2/src/input.c */ = {isa = PBXBuildFile; fileRef = EFD42CF56F47471BA7BFAE6E /* /Users/rebekahdoochin/senior_year/graphics/module-intro-getting-started-rdoochin/module-algorithms-geam-traphics/Asteroids!/glfw-3.2/src/input.c */; };
		28F234D99E2C4FC4AEE9EA53 /* /Users/rebekahdoochin/senior_year/graphics/module-intro-getting-started-rdoochin/module-algorithms-geam-traphics/Asteroids!/glfw-3.2/src/cocoa_init.m */ = {isa = PBXBuildFile; fileRef = 079EF4F23A134A37858F8132 /* /Users/rebekahdoochin/senior_year/graphics/module-intro-getting-started-rdoochin/module-algorithms-geam-traphics/Asteroids!/glfw-3.2/src/cocoa_init.m */; };
		3C85068B0A584C0FB99B0F9D /* /Users/rebekahdoochin/senior_year/graphics/module-intro-getting-started-rdoochin/module-algorithms-geam-traphics/Asteroids!/glfw-3.2/src/window.c */ = {isa = PBXBuildFile; fileRef = 6CEB084AD3C74193A9E8A54D /* /Users/rebekahdoochin/senior_year/graphics/module-intro-getting-started-rdoochin/module-algorithms-geam-traphics/Asteroids!/glfw-3.2/src/window.c */; };
		3E6506F601034A688DC78DDA /* /Users/rebekahdoochin/senior_year/graphics/module-intro-getting-started-rdoochin/module-algorithms-geam-traphics/Asteroids!/glfw-3.2/src/cocoa_window.m */ = {isa = PBXBuildFile; fileRef = 23687BC34D0A41EC8E4EE839 /* /Users/rebekahdoochin/senior_year/graphics/module-intro-getting-started-rdoochin/module-algorithms-geam-traphics/Asteroids!/glfw-3.2/src/cocoa_window.m */; };
		3EE596B1799D48ABADDB2921 /* /Users/rebekahdoochin/senior_year/graphics/module-intro-getting-started-rdoochin/module-algorithms-geam-traphics/Asteroids!/glfw-3.2/include/GLFW/glfw3.h */ = {isa = PBXBuildFile; fileRef = 7F9BEB750A5A45A88B1B9F5E /* /Users/rebekahdoochin/senior_year/graphics/module-intro-getting-started-rdoochin/module-algorithms-geam-traphics/Asteroids!/glfw-3.2/include/GLFW/glfw3.h */; };
		41E90EFF0661497DA59848E0 /* /Users/rebekahdoochin/senior_year/graphics/module-intro-getting-started-rdoochin/module-algorithms-geam-traphics/Asteroids!/glfw-3.2/src/cocoa_platform.h */ = {isa = PBXBuildFile; fileRef = F86BDF04C5D146B6922B6265 /* /Users/rebekahdoochin/senior_year/graphics/module-intro-getting-started-rdoochin/module-algorithms-geam-traphics/Asteroids!/glfw-3.2/src/cocoa_platform.h */; };
		50AA6150674B428CBDFD5ECD /* /Users/rebekahdoochin/senior_year/graphics/module-intro-getting-started-rdoochin/module-algorithms-geam-traphics/Asteroids!/glfw-3.2/src/posix_tls.h */ = {isa = PBXBuildFile; fileRef = 71B102B3181A4443A66B096D /* /Users/rebekahdoochin/senior_year/graphics/module-intro-getting-started-rdoochin/module-algorithms-geam-traphics/Asteroids!/glfw-3.2/src/posix_tls.h */; };
		662912C1431D4559A0C85D9F /* /Users/rebekahdoochin/senior_year/graphics/module-intro-getting-started-rdoochin/module-algorithms-geam-traphics/Asteroids!/glfw-3.2/src/vulkan.c */ = {isa = PBXBuildFile; fileRef = A9300C70068E45D582C93D1A /* /Users/rebekahdoochin/senior_year/graphics/module-intro-getting-started-rdoochin/module-algorithms-geam-traphics/Asteroids!/glfw-3.2/src/vulkan.c */; };
		6960B8832C114E8C837F83EF /* /Users/rebekahdoochin/senior_year/graphics/module-intro-getting-started-rdoochin/module-algorithms-geam-traphics/Asteroids!/glfw-3.2/src/init.c */ = {isa = PBXBuildFile; fileRef = 032978F381ED4E80BB552152 /* /Users/rebekahdoochin/senior_year/graphics/module-intro-getting-started-rdoochin/module-algorithms-geam-traphics/Asteroids!/glfw-3.2/src/init.c */; };
		735B57EE3842415C9158AE00 /* /Users/rebekahdoochin/senior_year/graphics/module-intro-getting-started-rdoochin/module-algorithms-geam-traphics/Asteroids!/glfw-3.2/src/cocoa_joystick.h */ = {isa = PBXBuildFile; fileRef = C02B843A5B5944E182E4C58E /* /Users/rebekahdoochin/senior_year/graphics/module-intro-getting-started-rdoochin/module-algorithms-geam-traphics/Asteroids!/glfw-3.2/src/cocoa_joystick.h */; };
		7763B47C1E1042DB8B4F9651 /* /Users/rebekahdoochin/senior_year/graphics/module-intro-getting-started-rdoochin/module-algorithms-geam-traphics/Asteroids!/glfw-3.2/src/cocoa_monitor.m */ = {isa = PBXBuildFile; fileRef = 4F181BF348B048A3926C9B05 /* /Users/rebekahdoochin/senior_year/graphics/module-intro-getting-started-rdoochin/module-algorithms-geam-traphics/Asteroids!/glfw-3.2/src/cocoa_monitor.m */; };
		79094F979EB0472EA4C94A92 /* /Users/rebekahdoochin/senior_year/graphics/module-intro-getting-started-rdoochin/module-algorithms-geam-traphics/Asteroids!/glfw-3.2/src/monitor.c */ = {isa = PBXBuildFile; fileRef = D647EBBE1AFC4950AAC1D9F9 /* /Users/rebekahdoochin/senior_year/graphics/module-intro-getting-started-rdoochin/module-algorithms-geam-traphics/Asteroids!/glfw-3.2/src/monitor.c */; };
		7A6EAF8848DE48CC87F23EA6 /* /Users/rebekahdoochin/senior_year/graphics/module-intro-getting-started-rdoochin/module-algorithms-geam-traphics/Asteroids!/glfw-3.2/include/GLFW/glfw3native.h */ = {isa = PBXBuildFile; fileRef = 1E77F0B11F61442BB4DD2206 /* /Users/rebekahdoochin/senior_year/graphics/module-intro-getting-started-rdoochin/module-algorithms-geam-traphics/Asteroids!/glfw-3.2/include/GLFW/glfw3native.h */; };
		97A247839666478A9884F42A /* /Users/rebekahdoochin/senior_year/graphics/module-intro-getting-started-rdoochin/module-algorithms-geam-traphics/Asteroids!/glfw-3.2/src/CMakeLists.txt */ = {isa = PBXBuildFile; fileRef = F5BD36CF10694FF197F3B670 /* /Users/rebekahdoochin/senior_year/graphics/module-intro-getting-started-rdoochin/module-algorithms-geam-traphics/Asteroids!/glfw-3.2/src/CMakeLists.txt */; };
		A073D189261A4DA98281C0EA /* /Users/rebekahdoochin/senior_year/graphics/module-intro-getting-started-rdoochin/module-algorithms-geam-traphics/Asteroids!/glfw-3.2/src/posix_tls.c */ = {isa = PBXBuildFile; fileRef = 0151BDDF6C9D45CF8F96F668 /* /Users/rebekahdoochin/senior_year/graphics/module-intro-getting-started-rdoochin/module-algorithms-geam-traphics/Asteroids!/glfw-3.2/src/posix_tls.c */; };
		AC9AF80E475D4E8C94E00DFB /* /Users/rebekahdoochin/senior_year/graphics/module-intro-getting-started-rdoochin/module-algorithms-geam-traphics/Asteroids!/glfw-3.2/src/cocoa_time.c */ = {isa = PBXBuildFile; fileRef = C0D2B8B446354CAB93FBEF6E /* /Users/rebekahdoochin/senior_year/graphics/module-intro-getting-started-rdoochin/module-algorithms-geam-traphics/Asteroids!/glfw-3.2/src/cocoa_time.c */; };
		C0572028225345888EE2E11A /* /Users/rebekahdoochin/senior_year/graphics/module-intro-getting-started-rdoochin/module-algorithms-geam-traphics/Asteroids!/glfw-3.2/src/internal.h */ = {isa = PBXBuildFile; fileRef = A4DE455A16664847AD99CB5E /* /Users/rebekahdoochin/senior_year/graphics/module-intro-getting-started-rdoochin/module-algorithms-geam-traphics/Asteroids!/glfw-3.2/src/internal.h */; };
		D3C57E3356B54E488A659492 /* /Users/rebekahdoochin/senior_year/graphics/module-intro-getting-started-rdoochin/module-algorithms-geam-traphics/Asteroids!/glfw-3.2/src/nsgl_context.m */ = {isa = PBXBuildFile; fileRef = 25CE0BBDCEF345BE95D7C013 /* /Users/rebekahdoochin/senior_year/graphics/module-intro-getting-started-rdoochin/module-algorithms-geam-traphics/Asteroids!/glfw-3.2/src/nsgl_context.m */; };
		E12897DFCE9D4EC88996D811 /* /Users/rebekahdoochin/senior_year/graphics/module-intro-getting-started-rdoochin/module-algorithms-geam-traphics/Asteroids!/glfw-3.2/src/nsgl_context.h */ = {isa = PBXBuildFile; fileRef = D6ED5DE97B694D05B0591044 /* /Users/rebekahdoochin/senior_year/graphics/module-intro-getting-started-rdoochin/module-algorithms-geam-traphics/Asteroids!/glfw-3.2/src/nsgl_context.h */; };
		F1FC230FFC0C41E7B2FA3B01 /* /Users/rebekahdoochin/senior_year/graphics/graphics_final_project/new_build/glfw-3.2/src/glfw_config.h */ = {isa = PBXBuildFile; fileRef = 5D8CC1672264428F9783E497 /* /Users/rebekahdoochin/senior_year/graphics/graphics_final_project/new_build/glfw-3.2/src/glfw_config.h */; };
		F9DA5C2A748848E68992901B /* /Users/rebekahdoochin/senior_year/graphics/module-intro-getting-started-rdoochin/module-algorithms-geam-traphics/Asteroids!/glfw-3.2/src/cocoa_joystick.m */ = {isa = PBXBuildFile; fileRef = CDB07760B3F44192913CE6B8 /* /Users/rebekahdoochin/senior_year/graphics/module-intro-getting-started-rdoochin/module-algorithms-geam-traphics/Asteroids!/glfw-3.2/src/cocoa_joystick.m */; };
		FA2249A951104D0B8B263F8C /* /Users/rebekahdoochin/senior_year/graphics/module-intro-getting-started-rdoochin/module-algorithms-geam-traphics/Asteroids!/glfw-3.2/src/context.c */ = {isa = PBXBuildFile; fileRef = B03A7AA76CEE4AF2ACEA188A /* /Users/rebekahdoochin/senior_year/graphics/module-intro-getting-started-rdoochin/module-algorithms-geam-traphics/Asteroids!/glfw-3.2/src/context.c */; };
/* End PBXBuildFile section */

/* Begin PBXBuildStyle section */
		0D78BAAF6E4D4FBCABBDE261 /* MinSizeRel */ = {
			isa = PBXBuildStyle;
			buildSettings = {
				COPY_PHASE_STRIP = NO;
			};
			name = MinSizeRel;
		};
		903781357ECA4CB39F867383 /* RelWithDebInfo */ = {
			isa = PBXBuildStyle;
			buildSettings = {
				COPY_PHASE_STRIP = NO;
			};
			name = RelWithDebInfo;
		};
		B4D220AC56674245965DEBFC /* Debug */ = {
			isa = PBXBuildStyle;
			buildSettings = {
				COPY_PHASE_STRIP = NO;
			};
			name = Debug;
		};
		CC4376883AD74932BD6012D0 /* Release */ = {
			isa = PBXBuildStyle;
			buildSettings = {
				COPY_PHASE_STRIP = NO;
			};
			name = Release;
		};
/* End PBXBuildStyle section */

/* Begin PBXContainerItemProxy section */
		8FE2EC3D0F0446F4A4AA2224 /* PBXContainerItemProxy */ = {
			isa = PBXContainerItemProxy;
			containerPortal = 001C9DACE35846A8BDEF85B4 /* Project object */;
			proxyType = 1;
			remoteGlobalIDString = C5A4A09F0CD94F15B74A403C;
			remoteInfo = glfw;
		};
		A777C0B8E9314766BD52782D /* PBXContainerItemProxy */ = {
			isa = PBXContainerItemProxy;
			containerPortal = 001C9DACE35846A8BDEF85B4 /* Project object */;
			proxyType = 1;
			remoteGlobalIDString = 25D9C8E045A4404EA5E3BF0D;
			remoteInfo = ZERO_CHECK;
		};
		BF0C39FCAF354E03A3EC1B14 /* PBXContainerItemProxy */ = {
			isa = PBXContainerItemProxy;
			containerPortal = 001C9DACE35846A8BDEF85B4 /* Project object */;
			proxyType = 1;
			remoteGlobalIDString = 25D9C8E045A4404EA5E3BF0D;
			remoteInfo = ZERO_CHECK;
		};
/* End PBXContainerItemProxy section */

/* Begin PBXFileReference section */
		0151BDDF6C9D45CF8F96F668 /* /Users/rebekahdoochin/senior_year/graphics/module-intro-getting-started-rdoochin/module-algorithms-geam-traphics/Asteroids!/glfw-3.2/src/posix_tls.c */ = {isa = PBXFileReference; explicitFileType = sourcecode.c.c; fileEncoding = 4; name = posix_tls.c; path = src/posix_tls.c; sourceTree = SOURCE_ROOT; };
		032978F381ED4E80BB552152 /* /Users/rebekahdoochin/senior_year/graphics/module-intro-getting-started-rdoochin/module-algorithms-geam-traphics/Asteroids!/glfw-3.2/src/init.c */ = {isa = PBXFileReference; explicitFileType = sourcecode.c.c; fileEncoding = 4; name = init.c; path = src/init.c; sourceTree = SOURCE_ROOT; };
		079EF4F23A134A37858F8132 /* /Users/rebekahdoochin/senior_year/graphics/module-intro-getting-started-rdoochin/module-algorithms-geam-traphics/Asteroids!/glfw-3.2/src/cocoa_init.m */ = {isa = PBXFileReference; explicitFileType = sourcecode.c.objc; fileEncoding = 4; name = cocoa_init.m; path = src/cocoa_init.m; sourceTree = SOURCE_ROOT; };
		1E77F0B11F61442BB4DD2206 /* /Users/rebekahdoochin/senior_year/graphics/module-intro-getting-started-rdoochin/module-algorithms-geam-traphics/Asteroids!/glfw-3.2/include/GLFW/glfw3native.h */ = {isa = PBXFileReference; explicitFileType = sourcecode.c.h; fileEncoding = 4; name = glfw3native.h; path = include/GLFW/glfw3native.h; sourceTree = SOURCE_ROOT; };
		23687BC34D0A41EC8E4EE839 /* /Users/rebekahdoochin/senior_year/graphics/module-intro-getting-started-rdoochin/module-algorithms-geam-traphics/Asteroids!/glfw-3.2/src/cocoa_window.m */ = {isa = PBXFileReference; explicitFileType = sourcecode.c.objc; fileEncoding = 4; name = cocoa_window.m; path = src/cocoa_window.m; sourceTree = SOURCE_ROOT; };
		25CE0BBDCEF345BE95D7C013 /* /Users/rebekahdoochin/senior_year/graphics/module-intro-getting-started-rdoochin/module-algorithms-geam-traphics/Asteroids!/glfw-3.2/src/nsgl_context.m */ = {isa = PBXFileReference; explicitFileType = sourcecode.c.objc; fileEncoding = 4; name = nsgl_context.m; path = src/nsgl_context.m; sourceTree = SOURCE_ROOT; };
		29F46D25D6F545E7B895A792 /* glfw */ = {isa = PBXFileReference; explicitFileType = archive.ar; path = libglfw3.a; sourceTree = BUILT_PRODUCTS_DIR; };
		4F181BF348B048A3926C9B05 /* /Users/rebekahdoochin/senior_year/graphics/module-intro-getting-started-rdoochin/module-algorithms-geam-traphics/Asteroids!/glfw-3.2/src/cocoa_monitor.m */ = {isa = PBXFileReference; explicitFileType = sourcecode.c.objc; fileEncoding = 4; name = cocoa_monitor.m; path = src/cocoa_monitor.m; sourceTree = SOURCE_ROOT; };
		5D8CC1672264428F9783E497 /* /Users/rebekahdoochin/senior_year/graphics/graphics_final_project/new_build/glfw-3.2/src/glfw_config.h */ = {isa = PBXFileReference; explicitFileType = sourcecode.c.h; fileEncoding = 4; name = glfw_config.h; path = "../../../../graphics_final_project/new_build/glfw-3.2/src/glfw_config.h"; sourceTree = SOURCE_ROOT; };
		6CEB084AD3C74193A9E8A54D /* /Users/rebekahdoochin/senior_year/graphics/module-intro-getting-started-rdoochin/module-algorithms-geam-traphics/Asteroids!/glfw-3.2/src/window.c */ = {isa = PBXFileReference; explicitFileType = sourcecode.c.c; fileEncoding = 4; name = window.c; path = src/window.c; sourceTree = SOURCE_ROOT; };
		71B102B3181A4443A66B096D /* /Users/rebekahdoochin/senior_year/graphics/module-intro-getting-started-rdoochin/module-algorithms-geam-traphics/Asteroids!/glfw-3.2/src/posix_tls.h */ = {isa = PBXFileReference; explicitFileType = sourcecode.c.h; fileEncoding = 4; name = posix_tls.h; path = src/posix_tls.h; sourceTree = SOURCE_ROOT; };
		7F9BEB750A5A45A88B1B9F5E /* /Users/rebekahdoochin/senior_year/graphics/module-intro-getting-started-rdoochin/module-algorithms-geam-traphics/Asteroids!/glfw-3.2/include/GLFW/glfw3.h */ = {isa = PBXFileReference; explicitFileType = sourcecode.c.h; fileEncoding = 4; name = glfw3.h; path = include/GLFW/glfw3.h; sourceTree = SOURCE_ROOT; };
		A4DE455A16664847AD99CB5E /* /Users/rebekahdoochin/senior_year/graphics/module-intro-getting-started-rdoochin/module-algorithms-geam-traphics/Asteroids!/glfw-3.2/src/internal.h */ = {isa = PBXFileReference; explicitFileType = sourcecode.c.h; fileEncoding = 4; name = internal.h; path = src/internal.h; sourceTree = SOURCE_ROOT; };
		A9300C70068E45D582C93D1A /* /Users/rebekahdoochin/senior_year/graphics/module-intro-getting-started-rdoochin/module-algorithms-geam-traphics/Asteroids!/glfw-3.2/src/vulkan.c */ = {isa = PBXFileReference; explicitFileType = sourcecode.c.c; fileEncoding = 4; name = vulkan.c; path = src/vulkan.c; sourceTree = SOURCE_ROOT; };
		B03A7AA76CEE4AF2ACEA188A /* /Users/rebekahdoochin/senior_year/graphics/module-intro-getting-started-rdoochin/module-algorithms-geam-traphics/Asteroids!/glfw-3.2/src/context.c */ = {isa = PBXFileReference; explicitFileType = sourcecode.c.c; fileEncoding = 4; name = context.c; path = src/context.c; sourceTree = SOURCE_ROOT; };
		C02B843A5B5944E182E4C58E /* /Users/rebekahdoochin/senior_year/graphics/module-intro-getting-started-rdoochin/module-algorithms-geam-traphics/Asteroids!/glfw-3.2/src/cocoa_joystick.h */ = {isa = PBXFileReference; explicitFileType = sourcecode.c.h; fileEncoding = 4; name = cocoa_joystick.h; path = src/cocoa_joystick.h; sourceTree = SOURCE_ROOT; };
		C0D2B8B446354CAB93FBEF6E /* /Users/rebekahdoochin/senior_year/graphics/module-intro-getting-started-rdoochin/module-algorithms-geam-traphics/Asteroids!/glfw-3.2/src/cocoa_time.c */ = {isa = PBXFileReference; explicitFileType = sourcecode.c.c; fileEncoding = 4; name = cocoa_time.c; path = src/cocoa_time.c; sourceTree = SOURCE_ROOT; };
		CDB07760B3F44192913CE6B8 /* /Users/rebekahdoochin/senior_year/graphics/module-intro-getting-started-rdoochin/module-algorithms-geam-traphics/Asteroids!/glfw-3.2/src/cocoa_joystick.m */ = {isa = PBXFileReference; explicitFileType = sourcecode.c.objc; fileEncoding = 4; name = cocoa_joystick.m; path = src/cocoa_joystick.m; sourceTree = SOURCE_ROOT; };
		D647EBBE1AFC4950AAC1D9F9 /* /Users/rebekahdoochin/senior_year/graphics/module-intro-getting-started-rdoochin/module-algorithms-geam-traphics/Asteroids!/glfw-3.2/src/monitor.c */ = {isa = PBXFileReference; explicitFileType = sourcecode.c.c; fileEncoding = 4; name = monitor.c; path = src/monitor.c; sourceTree = SOURCE_ROOT; };
		D6ED5DE97B694D05B0591044 /* /Users/rebekahdoochin/senior_year/graphics/module-intro-getting-started-rdoochin/module-algorithms-geam-traphics/Asteroids!/glfw-3.2/src/nsgl_context.h */ = {isa = PBXFileReference; explicitFileType = sourcecode.c.h; fileEncoding = 4; name = nsgl_context.h; path = src/nsgl_context.h; sourceTree = SOURCE_ROOT; };
		EB518BD1FEA64402BFF02E52 /* /Users/rebekahdoochin/senior_year/graphics/module-intro-getting-started-rdoochin/module-algorithms-geam-traphics/Asteroids!/glfw-3.2/CMakeLists.txt */ = {isa = PBXFileReference; explicitFileType = sourcecode.text; fileEncoding = 4; name = CMakeLists.txt; path = CMakeLists.txt; sourceTree = SOURCE_ROOT; };
		EFD42CF56F47471BA7BFAE6E /* /Users/rebekahdoochin/senior_year/graphics/module-intro-getting-started-rdoochin/module-algorithms-geam-traphics/Asteroids!/glfw-3.2/src/input.c */ = {isa = PBXFileReference; explicitFileType = sourcecode.c.c; fileEncoding = 4; name = input.c; path = src/input.c; sourceTree = SOURCE_ROOT; };
		F5BD36CF10694FF197F3B670 /* /Users/rebekahdoochin/senior_year/graphics/module-intro-getting-started-rdoochin/module-algorithms-geam-traphics/Asteroids!/glfw-3.2/src/CMakeLists.txt */ = {isa = PBXFileReference; explicitFileType = sourcecode.text; fileEncoding = 4; name = CMakeLists.txt; path = src/CMakeLists.txt; sourceTree = SOURCE_ROOT; };
		F86BDF04C5D146B6922B6265 /* /Users/rebekahdoochin/senior_year/graphics/module-intro-getting-started-rdoochin/module-algorithms-geam-traphics/Asteroids!/glfw-3.2/src/cocoa_platform.h */ = {isa = PBXFileReference; explicitFileType = sourcecode.c.h; fileEncoding = 4; name = cocoa_platform.h; path = src/cocoa_platform.h; sourceTree = SOURCE_ROOT; };
/* End PBXFileReference section */

/* Begin PBXGroup section */
		1047F76A118C45E98E1398A5 /* Header Files */ = {
			isa = PBXGroup;
			children = (
				5D8CC1672264428F9783E497 /* /Users/rebekahdoochin/senior_year/graphics/graphics_final_project/new_build/glfw-3.2/src/glfw_config.h */,
				7F9BEB750A5A45A88B1B9F5E /* /Users/rebekahdoochin/senior_year/graphics/module-intro-getting-started-rdoochin/module-algorithms-geam-traphics/Asteroids!/glfw-3.2/include/GLFW/glfw3.h */,
				1E77F0B11F61442BB4DD2206 /* /Users/rebekahdoochin/senior_year/graphics/module-intro-getting-started-rdoochin/module-algorithms-geam-traphics/Asteroids!/glfw-3.2/include/GLFW/glfw3native.h */,
				C02B843A5B5944E182E4C58E /* /Users/rebekahdoochin/senior_year/graphics/module-intro-getting-started-rdoochin/module-algorithms-geam-traphics/Asteroids!/glfw-3.2/src/cocoa_joystick.h */,
				F86BDF04C5D146B6922B6265 /* /Users/rebekahdoochin/senior_year/graphics/module-intro-getting-started-rdoochin/module-algorithms-geam-traphics/Asteroids!/glfw-3.2/src/cocoa_platform.h */,
				A4DE455A16664847AD99CB5E /* /Users/rebekahdoochin/senior_year/graphics/module-intro-getting-started-rdoochin/module-algorithms-geam-traphics/Asteroids!/glfw-3.2/src/internal.h */,
				D6ED5DE97B694D05B0591044 /* /Users/rebekahdoochin/senior_year/graphics/module-intro-getting-started-rdoochin/module-algorithms-geam-traphics/Asteroids!/glfw-3.2/src/nsgl_context.h */,
				71B102B3181A4443A66B096D /* /Users/rebekahdoochin/senior_year/graphics/module-intro-getting-started-rdoochin/module-algorithms-geam-traphics/Asteroids!/glfw-3.2/src/posix_tls.h */,
			);
			name = "Header Files";
			sourceTree = "<group>";
		};
		221EC3346C89488C919AE1E1 /* CMake Rules */ = {
			isa = PBXGroup;
			children = (
			);
			name = "CMake Rules";
			sourceTree = "<group>";
		};
		8229CEE5CF284E5C889B6EBA = {
			isa = PBXGroup;
			children = (
				FCFAF148ECD945FFBDEDE63D /* ALL_BUILD */,
				A483BBC3DE3F4B6F9486AA76 /* GLFW3 */,
				F1340493B73449A3B4700077 /* Products */,
			);
			sourceTree = "<group>";
		};
		A483BBC3DE3F4B6F9486AA76 /* GLFW3 */ = {
			isa = PBXGroup;
			children = (
				A7446B980487442298DCEAD1 /* glfw */,
			);
			name = GLFW3;
			sourceTree = "<group>";
		};
		A7446B980487442298DCEAD1 /* glfw */ = {
			isa = PBXGroup;
			children = (
				D00FF2F7F4D94AE6920D3FE5 /* Source Files */,
				1047F76A118C45E98E1398A5 /* Header Files */,
				F5BD36CF10694FF197F3B670 /* /Users/rebekahdoochin/senior_year/graphics/module-intro-getting-started-rdoochin/module-algorithms-geam-traphics/Asteroids!/glfw-3.2/src/CMakeLists.txt */,
			);
			name = glfw;
			sourceTree = "<group>";
		};
		D00FF2F7F4D94AE6920D3FE5 /* Source Files */ = {
			isa = PBXGroup;
			children = (
				079EF4F23A134A37858F8132 /* /Users/rebekahdoochin/senior_year/graphics/module-intro-getting-started-rdoochin/module-algorithms-geam-traphics/Asteroids!/glfw-3.2/src/cocoa_init.m */,
				CDB07760B3F44192913CE6B8 /* /Users/rebekahdoochin/senior_year/graphics/module-intro-getting-started-rdoochin/module-algorithms-geam-traphics/Asteroids!/glfw-3.2/src/cocoa_joystick.m */,
				4F181BF348B048A3926C9B05 /* /Users/rebekahdoochin/senior_year/graphics/module-intro-getting-started-rdoochin/module-algorithms-geam-traphics/Asteroids!/glfw-3.2/src/cocoa_monitor.m */,
				C0D2B8B446354CAB93FBEF6E /* /Users/rebekahdoochin/senior_year/graphics/module-intro-getting-started-rdoochin/module-algorithms-geam-traphics/Asteroids!/glfw-3.2/src/cocoa_time.c */,
				23687BC34D0A41EC8E4EE839 /* /Users/rebekahdoochin/senior_year/graphics/module-intro-getting-started-rdoochin/module-algorithms-geam-traphics/Asteroids!/glfw-3.2/src/cocoa_window.m */,
				B03A7AA76CEE4AF2ACEA188A /* /Users/rebekahdoochin/senior_year/graphics/module-intro-getting-started-rdoochin/module-algorithms-geam-traphics/Asteroids!/glfw-3.2/src/context.c */,
				032978F381ED4E80BB552152 /* /Users/rebekahdoochin/senior_year/graphics/module-intro-getting-started-rdoochin/module-algorithms-geam-traphics/Asteroids!/glfw-3.2/src/init.c */,
				EFD42CF56F47471BA7BFAE6E /* /Users/rebekahdoochin/senior_year/graphics/module-intro-getting-started-rdoochin/module-algorithms-geam-traphics/Asteroids!/glfw-3.2/src/input.c */,
				D647EBBE1AFC4950AAC1D9F9 /* /Users/rebekahdoochin/senior_year/graphics/module-intro-getting-started-rdoochin/module-algorithms-geam-traphics/Asteroids!/glfw-3.2/src/monitor.c */,
				25CE0BBDCEF345BE95D7C013 /* /Users/rebekahdoochin/senior_year/graphics/module-intro-getting-started-rdoochin/module-algorithms-geam-traphics/Asteroids!/glfw-3.2/src/nsgl_context.m */,
				0151BDDF6C9D45CF8F96F668 /* /Users/rebekahdoochin/senior_year/graphics/module-intro-getting-started-rdoochin/module-algorithms-geam-traphics/Asteroids!/glfw-3.2/src/posix_tls.c */,
				A9300C70068E45D582C93D1A /* /Users/rebekahdoochin/senior_year/graphics/module-intro-getting-started-rdoochin/module-algorithms-geam-traphics/Asteroids!/glfw-3.2/src/vulkan.c */,
				6CEB084AD3C74193A9E8A54D /* /Users/rebekahdoochin/senior_year/graphics/module-intro-getting-started-rdoochin/module-algorithms-geam-traphics/Asteroids!/glfw-3.2/src/window.c */,
			);
			name = "Source Files";
			sourceTree = "<group>";
		};
		F1340493B73449A3B4700077 /* Products */ = {
			isa = PBXGroup;
			children = (
				29F46D25D6F545E7B895A792 /* glfw */,
			);
			name = Products;
			sourceTree = "<group>";
		};
		FCFAF148ECD945FFBDEDE63D /* ALL_BUILD */ = {
			isa = PBXGroup;
			children = (
				221EC3346C89488C919AE1E1 /* CMake Rules */,
				EB518BD1FEA64402BFF02E52 /* /Users/rebekahdoochin/senior_year/graphics/module-intro-getting-started-rdoochin/module-algorithms-geam-traphics/Asteroids!/glfw-3.2/CMakeLists.txt */,
			);
			name = ALL_BUILD;
			sourceTree = "<group>";
		};
/* End PBXGroup section */

/* Begin PBXNativeTarget section */
		C5A4A09F0CD94F15B74A403C /* glfw */ = {
			isa = PBXNativeTarget;
			buildConfigurationList = 501817FE5EB84BF197170269 /* Build configuration list for PBXNativeTarget "glfw" */;
			buildPhases = (
				110B348CA88F4A4096EBB8E0 /* Sources */,
			);
			buildRules = (
			);
			dependencies = (
				869B5310697A4376A274482C /* PBXTargetDependency */,
			);
			name = glfw;
			productName = glfw;
			productReference = 29F46D25D6F545E7B895A792 /* glfw */;
			productType = "com.apple.product-type.library.static";
		};
/* End PBXNativeTarget section */

/* Begin PBXProject section */
		001C9DACE35846A8BDEF85B4 /* Project object */ = {
			isa = PBXProject;
			attributes = {
				BuildIndependentTargetsInParallel = YES;
				LastUpgradeCheck = 1140;
			};
			buildConfigurationList = 0DAB1944585B4FCA85B4B31B /* Build configuration list for PBXProject "GLFW" */;
			buildSettings = {
			};
			buildStyles = (
				B4D220AC56674245965DEBFC /* Debug */,
				CC4376883AD74932BD6012D0 /* Release */,
				0D78BAAF6E4D4FBCABBDE261 /* MinSizeRel */,
				903781357ECA4CB39F867383 /* RelWithDebInfo */,
			);
			compatibilityVersion = "Xcode 3.2";
			hasScannedForEncodings = 0;
			mainGroup = 8229CEE5CF284E5C889B6EBA;
			projectDirPath = "/Users/rebekahdoochin/senior_year/graphics/module-intro-getting-started-rdoochin/module-algorithms-geam-traphics/Asteroids!/glfw-3.2";
			projectRoot = "";
			targets = (
				D15DEEB73EB94C9BBFBBB966 /* ALL_BUILD */,
				25D9C8E045A4404EA5E3BF0D /* ZERO_CHECK */,
				C5A4A09F0CD94F15B74A403C /* glfw */,
			);
		};
/* End PBXProject section */

/* Begin PBXShellScriptBuildPhase section */
		24019935577E4C3581631C06 /* CMake Rules */ = {
			isa = PBXShellScriptBuildPhase;
			buildActionMask = 2147483647;
			files = (
			);
			name = "CMake Rules";
			runOnlyForDeploymentPostprocessing = 0;
			shellPath = /bin/sh;
			shellScript = "make -C /Users/rebekahdoochin/senior_year/graphics/graphics_final_project/new_build/glfw-3.2 -f /Users/rebekahdoochin/senior_year/graphics/graphics_final_project/new_build/glfw-3.2/CMakeScripts/ALL_BUILD_cmakeRulesBuildPhase.make$CONFIGURATION OBJDIR=$(basename \"$OBJECT_FILE_DIR_normal\") all";
			showEnvVarsInLog = 0;
		};
		2EA1EBD45FEF4D4E8C659297 = {
			isa = PBXShellScriptBuildPhase;
			buildActionMask = 2147483647;
			files = (
			);
			inputPaths = (
			);
			outputPaths = (
			);
			runOnlyForDeploymentPostprocessing = 0;
			shellPath = /bin/sh;
			shellScript = "# shell script goes here
exit 0";
			showEnvVarsInLog = 0;
		};
		B334175C830C4E87832F6F4F /* CMake Rules */ = {
			isa = PBXShellScriptBuildPhase;
			buildActionMask = 2147483647;
			files = (
			);
			name = "CMake Rules";
			runOnlyForDeploymentPostprocessing = 0;
			shellPath = /bin/sh;
			shellScript = "make -C /Users/rebekahdoochin/senior_year/graphics/graphics_final_project/new_build/glfw-3.2 -f /Users/rebekahdoochin/senior_year/graphics/graphics_final_project/new_build/glfw-3.2/CMakeScripts/ZERO_CHECK_cmakeRulesBuildPhase.make$CONFIGURATION OBJDIR=$(basename \"$OBJECT_FILE_DIR_normal\") all";
			showEnvVarsInLog = 0;
		};
		C9BEE4A8A24C4538A55BD5F9 = {
			isa = PBXShellScriptBuildPhase;
			buildActionMask = 2147483647;
			files = (
			);
			inputPaths = (
			);
			outputPaths = (
			);
			runOnlyForDeploymentPostprocessing = 0;
			shellPath = /bin/sh;
			shellScript = "# shell script goes here
exit 0";
			showEnvVarsInLog = 0;
		};
/* End PBXShellScriptBuildPhase section */

/* Begin PBXSourcesBuildPhase section */
		110B348CA88F4A4096EBB8E0 /* Sources */ = {
			isa = PBXSourcesBuildPhase;
			buildActionMask = 2147483647;
			files = (
				28F234D99E2C4FC4AEE9EA53 /* /Users/rebekahdoochin/senior_year/graphics/module-intro-getting-started-rdoochin/module-algorithms-geam-traphics/Asteroids!/glfw-3.2/src/cocoa_init.m */,
				F9DA5C2A748848E68992901B /* /Users/rebekahdoochin/senior_year/graphics/module-intro-getting-started-rdoochin/module-algorithms-geam-traphics/Asteroids!/glfw-3.2/src/cocoa_joystick.m */,
				7763B47C1E1042DB8B4F9651 /* /Users/rebekahdoochin/senior_year/graphics/module-intro-getting-started-rdoochin/module-algorithms-geam-traphics/Asteroids!/glfw-3.2/src/cocoa_monitor.m */,
				AC9AF80E475D4E8C94E00DFB /* /Users/rebekahdoochin/senior_year/graphics/module-intro-getting-started-rdoochin/module-algorithms-geam-traphics/Asteroids!/glfw-3.2/src/cocoa_time.c */,
				3E6506F601034A688DC78DDA /* /Users/rebekahdoochin/senior_year/graphics/module-intro-getting-started-rdoochin/module-algorithms-geam-traphics/Asteroids!/glfw-3.2/src/cocoa_window.m */,
				FA2249A951104D0B8B263F8C /* /Users/rebekahdoochin/senior_year/graphics/module-intro-getting-started-rdoochin/module-algorithms-geam-traphics/Asteroids!/glfw-3.2/src/context.c */,
				6960B8832C114E8C837F83EF /* /Users/rebekahdoochin/senior_year/graphics/module-intro-getting-started-rdoochin/module-algorithms-geam-traphics/Asteroids!/glfw-3.2/src/init.c */,
				1CE87D0E49354DDCA8221D0D /* /Users/rebekahdoochin/senior_year/graphics/module-intro-getting-started-rdoochin/module-algorithms-geam-traphics/Asteroids!/glfw-3.2/src/input.c */,
				79094F979EB0472EA4C94A92 /* /Users/rebekahdoochin/senior_year/graphics/module-intro-getting-started-rdoochin/module-algorithms-geam-traphics/Asteroids!/glfw-3.2/src/monitor.c */,
				D3C57E3356B54E488A659492 /* /Users/rebekahdoochin/senior_year/graphics/module-intro-getting-started-rdoochin/module-algorithms-geam-traphics/Asteroids!/glfw-3.2/src/nsgl_context.m */,
				A073D189261A4DA98281C0EA /* /Users/rebekahdoochin/senior_year/graphics/module-intro-getting-started-rdoochin/module-algorithms-geam-traphics/Asteroids!/glfw-3.2/src/posix_tls.c */,
				662912C1431D4559A0C85D9F /* /Users/rebekahdoochin/senior_year/graphics/module-intro-getting-started-rdoochin/module-algorithms-geam-traphics/Asteroids!/glfw-3.2/src/vulkan.c */,
				3C85068B0A584C0FB99B0F9D /* /Users/rebekahdoochin/senior_year/graphics/module-intro-getting-started-rdoochin/module-algorithms-geam-traphics/Asteroids!/glfw-3.2/src/window.c */,
			);
			runOnlyForDeploymentPostprocessing = 0;
		};
/* End PBXSourcesBuildPhase section */

/* Begin PBXTargetDependency section */
		77690C1BE4F54FEFAD3EA338 /* PBXTargetDependency */ = {
			isa = PBXTargetDependency;
			target = 25D9C8E045A4404EA5E3BF0D /* ZERO_CHECK */;
			targetProxy = BF0C39FCAF354E03A3EC1B14 /* PBXContainerItemProxy */;
		};
		869B5310697A4376A274482C /* PBXTargetDependency */ = {
			isa = PBXTargetDependency;
			target = 25D9C8E045A4404EA5E3BF0D /* ZERO_CHECK */;
			targetProxy = A777C0B8E9314766BD52782D /* PBXContainerItemProxy */;
		};
		C9C9E8516D6E47FA8C6F01DD /* PBXTargetDependency */ = {
			isa = PBXTargetDependency;
			target = C5A4A09F0CD94F15B74A403C /* glfw */;
			targetProxy = 8FE2EC3D0F0446F4A4AA2224 /* PBXContainerItemProxy */;
		};
/* End PBXTargetDependency section */

/* Begin XCBuildConfiguration section */
		0DF89F9DE14B4541B2596804 /* MinSizeRel */ = {
			isa = XCBuildConfiguration;
			buildSettings = {
				ARCHS = "$(NATIVE_ARCH_ACTUAL)";
				ONLY_ACTIVE_ARCH = YES;
				SDKROOT = /Applications/Xcode.app/Contents/Developer/Platforms/MacOSX.platform/Developer/SDKs/MacOSX10.15.sdk;
				SYMROOT = "/Users/rebekahdoochin/senior_year/graphics/graphics_final_project/new_build/glfw-3.2/build";
			};
			name = MinSizeRel;
		};
		2D71898C02D54EA4A7C7FDC9 /* Release */ = {
			isa = XCBuildConfiguration;
			buildSettings = {
				COMBINE_HIDPI_IMAGES = YES;
				EXECUTABLE_PREFIX = lib;
				EXECUTABLE_SUFFIX = .a;
				GCC_GENERATE_DEBUGGING_SYMBOLS = NO;
				GCC_INLINES_ARE_PRIVATE_EXTERN = NO;
				GCC_OPTIMIZATION_LEVEL = 3;
				GCC_PREPROCESSOR_DEFINITIONS = ("'CMAKE_INTDIR=\"$(CONFIGURATION)$(EFFECTIVE_PLATFORM_NAME)\"'",_GLFW_USE_CONFIG_H);
				GCC_SYMBOLS_PRIVATE_EXTERN = NO;
				HEADER_SEARCH_PATHS = ("/Users/rebekahdoochin/senior_year/graphics/module-intro-getting-started-rdoochin/module-algorithms-geam-traphics/Asteroids!/glfw-3.2/include","/Users/rebekahdoochin/senior_year/graphics/module-intro-getting-started-rdoochin/module-algorithms-geam-traphics/Asteroids!/glfw-3.2/src","/Users/rebekahdoochin/senior_year/graphics/graphics_final_project/new_build/glfw-3.2/src");
				INSTALL_PATH = "";
				LIBRARY_STYLE = STATIC;
				OTHER_CFLAGS = "    -DNDEBUG -fPIC -Wall ";
				OTHER_LIBTOOLFLAGS = " ";
				OTHER_REZFLAGS = "";
				PRODUCT_NAME = glfw3;
				SECTORDER_FLAGS = "";
				SYMROOT = "/Users/rebekahdoochin/senior_year/graphics/graphics_final_project/new_build/glfw-3.2/src";
				USE_HEADERMAP = NO;
				WARNING_CFLAGS = ("$(inherited)");
			};
			name = Release;
		};
		2E2E90C393B7481E9856D4B8 /* Debug */ = {
			isa = XCBuildConfiguration;
			buildSettings = {
				COMBINE_HIDPI_IMAGES = YES;
				EXECUTABLE_PREFIX = lib;
				EXECUTABLE_SUFFIX = .a;
				GCC_GENERATE_DEBUGGING_SYMBOLS = YES;
				GCC_INLINES_ARE_PRIVATE_EXTERN = NO;
				GCC_OPTIMIZATION_LEVEL = 0;
				GCC_PREPROCESSOR_DEFINITIONS = ("'CMAKE_INTDIR=\"$(CONFIGURATION)$(EFFECTIVE_PLATFORM_NAME)\"'",_GLFW_USE_CONFIG_H);
				GCC_SYMBOLS_PRIVATE_EXTERN = NO;
				HEADER_SEARCH_PATHS = ("/Users/rebekahdoochin/senior_year/graphics/module-intro-getting-started-rdoochin/module-algorithms-geam-traphics/Asteroids!/glfw-3.2/include","/Users/rebekahdoochin/senior_year/graphics/module-intro-getting-started-rdoochin/module-algorithms-geam-traphics/Asteroids!/glfw-3.2/src","/Users/rebekahdoochin/senior_year/graphics/graphics_final_project/new_build/glfw-3.2/src");
				INSTALL_PATH = "";
				LIBRARY_STYLE = STATIC;
				OTHER_CFLAGS = "   -fPIC -Wall ";
				OTHER_LIBTOOLFLAGS = " ";
				OTHER_REZFLAGS = "";
				PRODUCT_NAME = glfw3;
				SECTORDER_FLAGS = "";
				SYMROOT = "/Users/rebekahdoochin/senior_year/graphics/graphics_final_project/new_build/glfw-3.2/src";
				USE_HEADERMAP = NO;
				WARNING_CFLAGS = ("$(inherited)");
			};
			name = Debug;
		};
		64E0C2F7844144F2953D6C19 /* Release */ = {
			isa = XCBuildConfiguration;
			buildSettings = {
				COMBINE_HIDPI_IMAGES = YES;
				GCC_GENERATE_DEBUGGING_SYMBOLS = YES;
				GCC_INLINES_ARE_PRIVATE_EXTERN = NO;
				GCC_OPTIMIZATION_LEVEL = 0;
				GCC_PREPROCESSOR_DEFINITIONS = ("'CMAKE_INTDIR=\"$(CONFIGURATION)$(EFFECTIVE_PLATFORM_NAME)\"'");
				GCC_SYMBOLS_PRIVATE_EXTERN = NO;
				INSTALL_PATH = "";
				OTHER_LDFLAGS = " ";
				OTHER_REZFLAGS = "";
				PRODUCT_NAME = ZERO_CHECK;
				SECTORDER_FLAGS = "";
				SYMROOT = "/Users/rebekahdoochin/senior_year/graphics/graphics_final_project/new_build/glfw-3.2";
				USE_HEADERMAP = NO;
				WARNING_CFLAGS = ("$(inherited)");
			};
			name = Release;
		};
		77B0C4137B4944CE9CD5CA11 /* Debug */ = {
			isa = XCBuildConfiguration;
			buildSettings = {
				ARCHS = "$(NATIVE_ARCH_ACTUAL)";
				ONLY_ACTIVE_ARCH = YES;
				SDKROOT = /Applications/Xcode.app/Contents/Developer/Platforms/MacOSX.platform/Developer/SDKs/MacOSX10.15.sdk;
				SYMROOT = "/Users/rebekahdoochin/senior_year/graphics/graphics_final_project/new_build/glfw-3.2/build";
			};
			name = Debug;
		};
		866EC8423B384041BA849E6A /* Release */ = {
			isa = XCBuildConfiguration;
			buildSettings = {
				COMBINE_HIDPI_IMAGES = YES;
				GCC_GENERATE_DEBUGGING_SYMBOLS = YES;
				GCC_INLINES_ARE_PRIVATE_EXTERN = NO;
				GCC_OPTIMIZATION_LEVEL = 0;
				GCC_PREPROCESSOR_DEFINITIONS = ("'CMAKE_INTDIR=\"$(CONFIGURATION)$(EFFECTIVE_PLATFORM_NAME)\"'");
				GCC_SYMBOLS_PRIVATE_EXTERN = NO;
				INSTALL_PATH = "";
				OTHER_LDFLAGS = " ";
				OTHER_REZFLAGS = "";
				PRODUCT_NAME = ALL_BUILD;
				SECTORDER_FLAGS = "";
				SYMROOT = "/Users/rebekahdoochin/senior_year/graphics/graphics_final_project/new_build/glfw-3.2";
				USE_HEADERMAP = NO;
				WARNING_CFLAGS = ("$(inherited)");
			};
			name = Release;
		};
		8CE953C83B134AD29635981F /* RelWithDebInfo */ = {
			isa = XCBuildConfiguration;
			buildSettings = {
				COMBINE_HIDPI_IMAGES = YES;
				EXECUTABLE_PREFIX = lib;
				EXECUTABLE_SUFFIX = .a;
				GCC_GENERATE_DEBUGGING_SYMBOLS = YES;
				GCC_INLINES_ARE_PRIVATE_EXTERN = NO;
				GCC_OPTIMIZATION_LEVEL = 2;
				GCC_PREPROCESSOR_DEFINITIONS = ("'CMAKE_INTDIR=\"$(CONFIGURATION)$(EFFECTIVE_PLATFORM_NAME)\"'",_GLFW_USE_CONFIG_H);
				GCC_SYMBOLS_PRIVATE_EXTERN = NO;
				HEADER_SEARCH_PATHS = ("/Users/rebekahdoochin/senior_year/graphics/module-intro-getting-started-rdoochin/module-algorithms-geam-traphics/Asteroids!/glfw-3.2/include","/Users/rebekahdoochin/senior_year/graphics/module-intro-getting-started-rdoochin/module-algorithms-geam-traphics/Asteroids!/glfw-3.2/src","/Users/rebekahdoochin/senior_year/graphics/graphics_final_project/new_build/glfw-3.2/src");
				INSTALL_PATH = "";
				LIBRARY_STYLE = STATIC;
				OTHER_CFLAGS = "       -DNDEBUG -fPIC -Wall ";
				OTHER_LIBTOOLFLAGS = " ";
				OTHER_REZFLAGS = "";
				PRODUCT_NAME = glfw3;
				SECTORDER_FLAGS = "";
				SYMROOT = "/Users/rebekahdoochin/senior_year/graphics/graphics_final_project/new_build/glfw-3.2/src";
				USE_HEADERMAP = NO;
				WARNING_CFLAGS = ("$(inherited)");
			};
			name = RelWithDebInfo;
		};
		B6705FA36B794EEFA7C9CF1F /* Debug */ = {
			isa = XCBuildConfiguration;
			buildSettings = {
				COMBINE_HIDPI_IMAGES = YES;
				GCC_GENERATE_DEBUGGING_SYMBOLS = YES;
				GCC_INLINES_ARE_PRIVATE_EXTERN = NO;
				GCC_OPTIMIZATION_LEVEL = 0;
				GCC_PREPROCESSOR_DEFINITIONS = ("'CMAKE_INTDIR=\"$(CONFIGURATION)$(EFFECTIVE_PLATFORM_NAME)\"'");
				GCC_SYMBOLS_PRIVATE_EXTERN = NO;
				INSTALL_PATH = "";
				OTHER_LDFLAGS = " ";
				OTHER_REZFLAGS = "";
				PRODUCT_NAME = ZERO_CHECK;
				SECTORDER_FLAGS = "";
				SYMROOT = "/Users/rebekahdoochin/senior_year/graphics/graphics_final_project/new_build/glfw-3.2";
				USE_HEADERMAP = NO;
				WARNING_CFLAGS = ("$(inherited)");
			};
			name = Debug;
		};
		C0F92C8CF16042918FD1A0A1 /* Debug */ = {
			isa = XCBuildConfiguration;
			buildSettings = {
				COMBINE_HIDPI_IMAGES = YES;
				GCC_GENERATE_DEBUGGING_SYMBOLS = YES;
				GCC_INLINES_ARE_PRIVATE_EXTERN = NO;
				GCC_OPTIMIZATION_LEVEL = 0;
				GCC_PREPROCESSOR_DEFINITIONS = ("'CMAKE_INTDIR=\"$(CONFIGURATION)$(EFFECTIVE_PLATFORM_NAME)\"'");
				GCC_SYMBOLS_PRIVATE_EXTERN = NO;
				INSTALL_PATH = "";
				OTHER_LDFLAGS = " ";
				OTHER_REZFLAGS = "";
				PRODUCT_NAME = ALL_BUILD;
				SECTORDER_FLAGS = "";
				SYMROOT = "/Users/rebekahdoochin/senior_year/graphics/graphics_final_project/new_build/glfw-3.2";
				USE_HEADERMAP = NO;
				WARNING_CFLAGS = ("$(inherited)");
			};
			name = Debug;
		};
		C4B349134F3643C1B73ACE01 /* RelWithDebInfo */ = {
			isa = XCBuildConfiguration;
			buildSettings = {
				COMBINE_HIDPI_IMAGES = YES;
				GCC_GENERATE_DEBUGGING_SYMBOLS = YES;
				GCC_INLINES_ARE_PRIVATE_EXTERN = NO;
				GCC_OPTIMIZATION_LEVEL = 0;
				GCC_PREPROCESSOR_DEFINITIONS = ("'CMAKE_INTDIR=\"$(CONFIGURATION)$(EFFECTIVE_PLATFORM_NAME)\"'");
				GCC_SYMBOLS_PRIVATE_EXTERN = NO;
				INSTALL_PATH = "";
				OTHER_LDFLAGS = " ";
				OTHER_REZFLAGS = "";
				PRODUCT_NAME = ALL_BUILD;
				SECTORDER_FLAGS = "";
				SYMROOT = "/Users/rebekahdoochin/senior_year/graphics/graphics_final_project/new_build/glfw-3.2";
				USE_HEADERMAP = NO;
				WARNING_CFLAGS = ("$(inherited)");
			};
			name = RelWithDebInfo;
		};
		D0AB7CEA72384DE9A0CBD759 /* RelWithDebInfo */ = {
			isa = XCBuildConfiguration;
			buildSettings = {
				ARCHS = "$(NATIVE_ARCH_ACTUAL)";
				ONLY_ACTIVE_ARCH = YES;
				SDKROOT = /Applications/Xcode.app/Contents/Developer/Platforms/MacOSX.platform/Developer/SDKs/MacOSX10.15.sdk;
				SYMROOT = "/Users/rebekahdoochin/senior_year/graphics/graphics_final_project/new_build/glfw-3.2/build";
			};
			name = RelWithDebInfo;
		};
		D99E8C40A56B42299B483021 /* Release */ = {
			isa = XCBuildConfiguration;
			buildSettings = {
				ARCHS = "$(NATIVE_ARCH_ACTUAL)";
				ONLY_ACTIVE_ARCH = YES;
				SDKROOT = /Applications/Xcode.app/Contents/Developer/Platforms/MacOSX.platform/Developer/SDKs/MacOSX10.15.sdk;
				SYMROOT = "/Users/rebekahdoochin/senior_year/graphics/graphics_final_project/new_build/glfw-3.2/build";
			};
			name = Release;
		};
		DAD0ABF46A9B4594A2C577FC /* MinSizeRel */ = {
			isa = XCBuildConfiguration;
			buildSettings = {
				COMBINE_HIDPI_IMAGES = YES;
				GCC_GENERATE_DEBUGGING_SYMBOLS = YES;
				GCC_INLINES_ARE_PRIVATE_EXTERN = NO;
				GCC_OPTIMIZATION_LEVEL = 0;
				GCC_PREPROCESSOR_DEFINITIONS = ("'CMAKE_INTDIR=\"$(CONFIGURATION)$(EFFECTIVE_PLATFORM_NAME)\"'");
				GCC_SYMBOLS_PRIVATE_EXTERN = NO;
				INSTALL_PATH = "";
				OTHER_LDFLAGS = " ";
				OTHER_REZFLAGS = "";
				PRODUCT_NAME = ZERO_CHECK;
				SECTORDER_FLAGS = "";
				SYMROOT = "/Users/rebekahdoochin/senior_year/graphics/graphics_final_project/new_build/glfw-3.2";
				USE_HEADERMAP = NO;
				WARNING_CFLAGS = ("$(inherited)");
			};
			name = MinSizeRel;
		};
		EC716D04FB354AFF9EEBE570 /* MinSizeRel */ = {
			isa = XCBuildConfiguration;
			buildSettings = {
				COMBINE_HIDPI_IMAGES = YES;
				EXECUTABLE_PREFIX = lib;
				EXECUTABLE_SUFFIX = .a;
				GCC_GENERATE_DEBUGGING_SYMBOLS = NO;
				GCC_INLINES_ARE_PRIVATE_EXTERN = NO;
				GCC_OPTIMIZATION_LEVEL = s;
				GCC_PREPROCESSOR_DEFINITIONS = ("'CMAKE_INTDIR=\"$(CONFIGURATION)$(EFFECTIVE_PLATFORM_NAME)\"'",_GLFW_USE_CONFIG_H);
				GCC_SYMBOLS_PRIVATE_EXTERN = NO;
				HEADER_SEARCH_PATHS = ("/Users/rebekahdoochin/senior_year/graphics/module-intro-getting-started-rdoochin/module-algorithms-geam-traphics/Asteroids!/glfw-3.2/include","/Users/rebekahdoochin/senior_year/graphics/module-intro-getting-started-rdoochin/module-algorithms-geam-traphics/Asteroids!/glfw-3.2/src","/Users/rebekahdoochin/senior_year/graphics/graphics_final_project/new_build/glfw-3.2/src");
				INSTALL_PATH = "";
				LIBRARY_STYLE = STATIC;
				OTHER_CFLAGS = "    -DNDEBUG -fPIC -Wall ";
				OTHER_LIBTOOLFLAGS = " ";
				OTHER_REZFLAGS = "";
				PRODUCT_NAME = glfw3;
				SECTORDER_FLAGS = "";
				SYMROOT = "/Users/rebekahdoochin/senior_year/graphics/graphics_final_project/new_build/glfw-3.2/src";
				USE_HEADERMAP = NO;
				WARNING_CFLAGS = ("$(inherited)");
			};
			name = MinSizeRel;
		};
		ED75328A42E140AFACDF3E03 /* MinSizeRel */ = {
			isa = XCBuildConfiguration;
			buildSettings = {
				COMBINE_HIDPI_IMAGES = YES;
				GCC_GENERATE_DEBUGGING_SYMBOLS = YES;
				GCC_INLINES_ARE_PRIVATE_EXTERN = NO;
				GCC_OPTIMIZATION_LEVEL = 0;
				GCC_PREPROCESSOR_DEFINITIONS = ("'CMAKE_INTDIR=\"$(CONFIGURATION)$(EFFECTIVE_PLATFORM_NAME)\"'");
				GCC_SYMBOLS_PRIVATE_EXTERN = NO;
				INSTALL_PATH = "";
				OTHER_LDFLAGS = " ";
				OTHER_REZFLAGS = "";
				PRODUCT_NAME = ALL_BUILD;
				SECTORDER_FLAGS = "";
				SYMROOT = "/Users/rebekahdoochin/senior_year/graphics/graphics_final_project/new_build/glfw-3.2";
				USE_HEADERMAP = NO;
				WARNING_CFLAGS = ("$(inherited)");
			};
			name = MinSizeRel;
		};
		FEF4D2A921EC4795A354BBAE /* RelWithDebInfo */ = {
			isa = XCBuildConfiguration;
			buildSettings = {
				COMBINE_HIDPI_IMAGES = YES;
				GCC_GENERATE_DEBUGGING_SYMBOLS = YES;
				GCC_INLINES_ARE_PRIVATE_EXTERN = NO;
				GCC_OPTIMIZATION_LEVEL = 0;
				GCC_PREPROCESSOR_DEFINITIONS = ("'CMAKE_INTDIR=\"$(CONFIGURATION)$(EFFECTIVE_PLATFORM_NAME)\"'");
				GCC_SYMBOLS_PRIVATE_EXTERN = NO;
				INSTALL_PATH = "";
				OTHER_LDFLAGS = " ";
				OTHER_REZFLAGS = "";
				PRODUCT_NAME = ZERO_CHECK;
				SECTORDER_FLAGS = "";
				SYMROOT = "/Users/rebekahdoochin/senior_year/graphics/graphics_final_project/new_build/glfw-3.2";
				USE_HEADERMAP = NO;
				WARNING_CFLAGS = ("$(inherited)");
			};
			name = RelWithDebInfo;
		};
/* End XCBuildConfiguration section */

/* Begin XCConfigurationList section */
		08E2E0B4DD904075B530E38A /* Build configuration list for PBXAggregateTarget "ALL_BUILD" */ = {
			isa = XCConfigurationList;
			buildConfigurations = (
				C0F92C8CF16042918FD1A0A1 /* Debug */,
				866EC8423B384041BA849E6A /* Release */,
				ED75328A42E140AFACDF3E03 /* MinSizeRel */,
				C4B349134F3643C1B73ACE01 /* RelWithDebInfo */,
			);
			defaultConfigurationIsVisible = 0;
			defaultConfigurationName = Debug;
		};
		0DAB1944585B4FCA85B4B31B /* Build configuration list for PBXProject "GLFW" */ = {
			isa = XCConfigurationList;
			buildConfigurations = (
				77B0C4137B4944CE9CD5CA11 /* Debug */,
				D99E8C40A56B42299B483021 /* Release */,
				0DF89F9DE14B4541B2596804 /* MinSizeRel */,
				D0AB7CEA72384DE9A0CBD759 /* RelWithDebInfo */,
			);
			defaultConfigurationIsVisible = 0;
			defaultConfigurationName = Debug;
		};
		2965D1F94C924017AF455E1B /* Build configuration list for PBXAggregateTarget "ZERO_CHECK" */ = {
			isa = XCConfigurationList;
			buildConfigurations = (
				B6705FA36B794EEFA7C9CF1F /* Debug */,
				64E0C2F7844144F2953D6C19 /* Release */,
				DAD0ABF46A9B4594A2C577FC /* MinSizeRel */,
				FEF4D2A921EC4795A354BBAE /* RelWithDebInfo */,
			);
			defaultConfigurationIsVisible = 0;
			defaultConfigurationName = Debug;
		};
		501817FE5EB84BF197170269 /* Build configuration list for PBXNativeTarget "glfw" */ = {
			isa = XCConfigurationList;
			buildConfigurations = (
				2E2E90C393B7481E9856D4B8 /* Debug */,
				2D71898C02D54EA4A7C7FDC9 /* Release */,
				EC716D04FB354AFF9EEBE570 /* MinSizeRel */,
				8CE953C83B134AD29635981F /* RelWithDebInfo */,
			);
			defaultConfigurationIsVisible = 0;
			defaultConfigurationName = Debug;
		};
/* End XCConfigurationList section */
	};
	rootObject = 001C9DACE35846A8BDEF85B4 /* Project object */;
}
